
Microsoft Visual Studio Solution File, Format Version 12.00
# Visual Studio Version 16
VisualStudioVersion = 16.0.28803.202
MinimumVisualStudioVersion = 10.0.40219.1
Project("{8BC9CEB8-8B4A-11D0-8D11-00A0C91BC942}") = "1_VisitCard", "Project1\Project1.vcxproj", "{233BEC28-A711-4196-8DFA-B50150A9ADE1}"
EndProject
Project("{8BC9CEB8-8B4A-11D0-8D11-00A0C91BC942}") = "2_I_O values", "Storage\Storage.vcxproj", "{D03896F5-EBB5-45BC-B231-C7E91B00A65E}"
EndProject
Project("{8BC9CEB8-8B4A-11D0-8D11-00A0C91BC942}") = "2_IOselfwork", "2_IOselfwork\2_IOselfwork.vcxproj", "{4BBEC630-6B48-4D55-8A0C-0888F706028C}"
EndProject
Project("{8BC9CEB8-8B4A-11D0-8D11-00A0C91BC942}") = "3_ValuesType", "3_ValuesType\3_ValuesType.vcxproj", "{2C9F466D-0F44-412B-A6D3-9E006352F7B9}"
EndProject
Project("{8BC9CEB8-8B4A-11D0-8D11-00A0C91BC942}") = "4_If_Else", "4_If_Else\4_If_Else.vcxproj", "{3943F3BB-DB17-4CB9-9EDB-7D8D689F7733}"
EndProject
Project("{8BC9CEB8-8B4A-11D0-8D11-00A0C91BC942}") = "4_selfwork", "4_selfwork\4_selfwork.vcxproj", "{CA6CFDE6-7B3A-4AC2-BABB-0943E5187695}"
EndProject
Project("{8BC9CEB8-8B4A-11D0-8D11-00A0C91BC942}") = "4_selfwork2_calc", "4_selfwork2_calc\4_selfwork2_calc.vcxproj", "{9D323F3C-F60E-4E91-AA66-F0D924007A58}"
EndProject
Project("{8BC9CEB8-8B4A-11D0-8D11-00A0C91BC942}") = "5_Cycles", "5_Cicles\5_Cicles.vcxproj", "{C71E49C7-9CEB-4110-BC51-4FCA81B5B4A4}"
EndProject
Project("{8BC9CEB8-8B4A-11D0-8D11-00A0C91BC942}") = "5_Clock", "5_Clock\5_Clock.vcxproj", "{ACFD7834-2118-408A-AC9D-D8B4F09993F7}"
EndProject
Project("{8BC9CEB8-8B4A-11D0-8D11-00A0C91BC942}") = "6_Massive", "6_Massive\6_Massive.vcxproj", "{82972D78-2FCD-49AA-A90B-AF81F88E4F7F}"
EndProject
Project("{8BC9CEB8-8B4A-11D0-8D11-00A0C91BC942}") = "3_self_gen", "self_gen\self_gen.vcxproj", "{7ED375AB-A9EF-45C2-AD19-8FB39AFF00D8}"
EndProject
Project("{8BC9CEB8-8B4A-11D0-8D11-00A0C91BC942}") = "5_self", "5_self\5_self.vcxproj", "{8C802182-120B-4CD1-A0A2-8B485DFF00D7}"
EndProject
Project("{8BC9CEB8-8B4A-11D0-8D11-00A0C91BC942}") = "5_Exceptions", "5_Exceptions\5_Exceptions.vcxproj", "{EC112464-1B21-4C25-8556-46307D5703AA}"
EndProject
Project("{8BC9CEB8-8B4A-11D0-8D11-00A0C91BC942}") = "6_SimpleValues", "6_SimpleValues\6_SimpleValues.vcxproj", "{5E27F4F2-E771-4AC1-A65D-E61F75A31A60}"
EndProject
Project("{8BC9CEB8-8B4A-11D0-8D11-00A0C91BC942}") = "6_Sort_self", "6_Sort_self\6_Sort_self.vcxproj", "{8261EEBA-D219-47AB-B7DF-FEB35B2C75CB}"
EndProject
Project("{8BC9CEB8-8B4A-11D0-8D11-00A0C91BC942}") = "6_Self_students", "6_Self_students\6_Self_students.vcxproj", "{ABA032AA-31F7-4737-958C-7BC976A78F10}"
EndProject
Project("{8BC9CEB8-8B4A-11D0-8D11-00A0C91BC942}") = "6_self_average", "6_self_average\6_self_average.vcxproj", "{C430EAE5-D7A8-40B5-BF5B-432CCE2E7537}"
EndProject
Project("{8BC9CEB8-8B4A-11D0-8D11-00A0C91BC942}") = "7_String", "7_String\7_String.vcxproj", "{7AD11740-5C24-4D7C-BBE9-6E36CC0E3183}"
EndProject
Project("{8BC9CEB8-8B4A-11D0-8D11-00A0C91BC942}") = "7_self_strcount", "7_self_strcount\7_self_strcount.vcxproj", "{0DCD1E17-F99D-4071-9ECF-C4E9143148B4}"
EndProject
Project("{8BC9CEB8-8B4A-11D0-8D11-00A0C91BC942}") = "7_seld_Matrix", "7_seld_Matrix\7_seld_Matrix.vcxproj", "{82CD4427-870C-40F2-AC9A-C2D6FBB8E15B}"
EndProject
Project("{8BC9CEB8-8B4A-11D0-8D11-00A0C91BC942}") = "__test", "__test\__test.vcxproj", "{B0172789-DC4F-44E5-BD7A-E233D5A2AA17}"
EndProject
Project("{8BC9CEB8-8B4A-11D0-8D11-00A0C91BC942}") = "GenRandomNumbers", "GenRandomNumbers\GenRandomNumbers.vcxproj", "{0469D9BC-818D-4438-B069-EFBA34CBC2D4}"
EndProject
Project("{2150E333-8FDC-42A3-9474-1A3956D46DE8}") = "OfftopHomeworks", "OfftopHomeworks", "{8574A965-E5F5-4BB8-BFAD-A83E1B90118F}"
EndProject
Project("{8BC9CEB8-8B4A-11D0-8D11-00A0C91BC942}") = "1_while", "1_while\1_while.vcxproj", "{CF35A0E2-2F35-4439-8C96-2E60BF526EAB}"
EndProject
Project("{8BC9CEB8-8B4A-11D0-8D11-00A0C91BC942}") = "2_func", "2_func\2_func.vcxproj", "{D512F3D8-CCC9-4498-8607-48C3AD041631}"
EndProject
Project("{8BC9CEB8-8B4A-11D0-8D11-00A0C91BC942}") = "3_template", "3_template\3_template.vcxproj", "{C7597F5F-9A6B-4DD4-BD8A-D568B1FACC98}"
EndProject
Project("{8BC9CEB8-8B4A-11D0-8D11-00A0C91BC942}") = "4_Recurse", "4_Recurse\4_Recurse.vcxproj", "{9E6DEA1D-6820-4B8B-BE06-6B1F62229F77}"
EndProject
Project("{8BC9CEB8-8B4A-11D0-8D11-00A0C91BC942}") = "5_pointers", "5_pointers\5_pointers.vcxproj", "{2BADB3AA-5368-4101-B693-1BF8C4BBF7EC}"
EndProject
Project("{8BC9CEB8-8B4A-11D0-8D11-00A0C91BC942}") = "6_point_func", "6_point_func\6_point_func.vcxproj", "{32913584-5C16-463D-BD88-CFFF33F4BAA0}"
EndProject
Project("{8BC9CEB8-8B4A-11D0-8D11-00A0C91BC942}") = "6_self_point", "6_self_point\6_self_point.vcxproj", "{6F979541-B360-4DC7-97E1-5FD97FAD9A37}"
EndProject
Project("{8BC9CEB8-8B4A-11D0-8D11-00A0C91BC942}") = "7_links", "7_links\7_links.vcxproj", "{F65538C9-B931-48FD-B68B-59EC3C47648E}"
EndProject
Project("{8BC9CEB8-8B4A-11D0-8D11-00A0C91BC942}") = "8_self_ref_temp", "8_self_ref_temp\8_self_ref_temp.vcxproj", "{2B1F5D1B-932B-41CD-BCE3-8963E8BC3F19}"
EndProject
Project("{8BC9CEB8-8B4A-11D0-8D11-00A0C91BC942}") = "9_dynam_mem", "9_dynam_mem\9_dynam_mem.vcxproj", "{01634129-24A0-4BA8-AD16-761AFB15E663}"
EndProject
Project("{8BC9CEB8-8B4A-11D0-8D11-00A0C91BC942}") = "10_dynam_matrix", "10_dynam_matrix\10_dynam_matrix.vcxproj", "{8754C565-4C15-4987-AD85-A0B2F43A078C}"
EndProject
Project("{8BC9CEB8-8B4A-11D0-8D11-00A0C91BC942}") = "a11_dynam_func_argument", "a11_dynam_func_argument\a11_dynam_func_argument.vcxproj", "{020493A5-B088-4F1E-8C06-4790EB968979}"
EndProject
Project("{8BC9CEB8-8B4A-11D0-8D11-00A0C91BC942}") = "a12_sizechange_matrix", "a12_sizechange_matrix\a12_sizechange_matrix.vcxproj", "{16A1C749-DB55-4C8D-9BF9-8F73CE380694}"
EndProject
Project("{8BC9CEB8-8B4A-11D0-8D11-00A0C91BC942}") = "b1_String", "b1_String\b1_String.vcxproj", "{DE641BDE-AA4D-482B-BE79-AAF119FF3C6E}"
EndProject
Project("{8BC9CEB8-8B4A-11D0-8D11-00A0C91BC942}") = "b2_ifdef_elif_endif", "b2_ifdef_elif_endif\b2_ifdef_elif_endif.vcxproj", "{0D6BDB85-45C9-45F1-9CC4-E3D50BA17422}"
EndProject
Project("{8BC9CEB8-8B4A-11D0-8D11-00A0C91BC942}") = "6_1_pointer_two_dimensional_array", "6_1_pointer_two_dimensional_array\6_1_pointer_two_dimensional_array.vcxproj", "{5B0CC2D4-AA0B-4F2A-AB78-77F51DCE3392}"
EndProject
Project("{8BC9CEB8-8B4A-11D0-8D11-00A0C91BC942}") = "6_2_point_self_m", "6_2_point_self_m\6_2_point_self_m.vcxproj", "{B379E27E-F554-40E0-86D2-EE5D54BAB469}"
EndProject
Project("{8BC9CEB8-8B4A-11D0-8D11-00A0C91BC942}") = "Tic tac toe", "Tic tac toe\Tic tac toe.vcxproj", "{F3C43BDE-442E-43BD-B280-666D5E493AFB}"
EndProject
Project("{8BC9CEB8-8B4A-11D0-8D11-00A0C91BC942}") = "c1_self_func", "c1_self_func\c1_self_func.vcxproj", "{6AB8D141-0123-4852-9F0E-93CD9AA98D56}"
EndProject
Project("{8BC9CEB8-8B4A-11D0-8D11-00A0C91BC942}") = "c2_self_sin_cos", "c2_self_sin_cos\c2_self_sin_cos.vcxproj", "{29C3A598-807D-451A-B1F8-A97D12CC7E27}"
EndProject
Project("{8BC9CEB8-8B4A-11D0-8D11-00A0C91BC942}") = "c3_inaccuracy", "c3_inaccuracy\c3_inaccuracy.vcxproj", "{1630DEB3-ED73-4295-AF41-27A3D5DB379B}"
EndProject
Project("{8BC9CEB8-8B4A-11D0-8D11-00A0C91BC942}") = "8_functions_self", "8_functions_self\8_functions_self.vcxproj", "{4BD425AD-40F9-4F58-9AF4-1D5FE8C1B192}"
EndProject
Project("{8BC9CEB8-8B4A-11D0-8D11-00A0C91BC942}") = "Text_Game", "Text_Game\Text_Game.vcxproj", "{A5749874-8A91-464A-814B-DE14626F1369}"
EndProject
Project("{8BC9CEB8-8B4A-11D0-8D11-00A0C91BC942}") = "4_Calc_Extended", "4_Calc_Extended\4_Calc_Extended.vcxproj", "{E08146CA-3703-41E3-8071-DDBEC31ABA0C}"
EndProject
Project("{8BC9CEB8-8B4A-11D0-8D11-00A0C91BC942}") = "Game_Hi-Lo", "Game_Hi-Lo\Game_Hi-Lo.vcxproj", "{9B69190F-26B6-4717-827A-762225E11A61}"
EndProject
Project("{2150E333-8FDC-42A3-9474-1A3956D46DE8}") = "self", "self", "{52C2C454-9DC5-494A-9903-D256D6996862}"
EndProject
Project("{8BC9CEB8-8B4A-11D0-8D11-00A0C91BC942}") = "1_inventory", "1_inventory\1_inventory.vcxproj", "{1E8DAD2C-90EC-458A-9860-583C53BDA7E7}"
EndProject
Project("{8BC9CEB8-8B4A-11D0-8D11-00A0C91BC942}") = "3_swap", "3_swap\3_swap.vcxproj", "{CB5B3D89-4646-489D-A15E-7F23D2023C23}"
EndProject
Project("{8BC9CEB8-8B4A-11D0-8D11-00A0C91BC942}") = "4_enum_struct", "4_enum_struct\4_enum_struct.vcxproj", "{7A9A17C8-AFBD-4209-8BCB-F6DE0B096804}"
EndProject
Project("{8BC9CEB8-8B4A-11D0-8D11-00A0C91BC942}") = "5_func_ref_arg", "5_func_ref_arg\5_func_ref_arg.vcxproj", "{2EA97B9E-7E24-495D-89E3-0E0631D55109}"
EndProject
Project("{2150E333-8FDC-42A3-9474-1A3956D46DE8}") = "OOP", "OOP", "{8780147E-D41D-42EF-96DB-810ADA75D117}"
EndProject
Project("{8BC9CEB8-8B4A-11D0-8D11-00A0C91BC942}") = "1_Objects", "1_Objects\1_Objects.vcxproj", "{815FA4E6-903B-4C4C-8B90-F5017C3B8565}"
EndProject
Project("{8BC9CEB8-8B4A-11D0-8D11-00A0C91BC942}") = "2_Constructor", "2_Constructor\2_Constructor.vcxproj", "{9C2B9FA0-2788-46F9-825E-662C83A68F5F}"
EndProject
Project("{8BC9CEB8-8B4A-11D0-8D11-00A0C91BC942}") = "3_Copying_Constructor", "3_Copying_Constructor\3_Copying_Constructor.vcxproj", "{C4837DE7-C6CA-452B-889E-1C502D952747}"
EndProject
Project("{8BC9CEB8-8B4A-11D0-8D11-00A0C91BC942}") = "6_Searching", "6_Searching\6_Searching.vcxproj", "{BCA84CC0-E871-4D91-980F-A1498B6CF670}"
EndProject
Project("{8BC9CEB8-8B4A-11D0-8D11-00A0C91BC942}") = "7_OOP_classes", "7_OOP_classes\7_OOP_classes.vcxproj", "{0C63AEF5-9680-435B-A8B4-8634FA48B4D8}"
EndProject
Project("{8BC9CEB8-8B4A-11D0-8D11-00A0C91BC942}") = "8_OOP_Construct", "8_OOP_Construct\8_OOP_Construct.vcxproj", "{5B738CAC-3920-4A6F-AF4B-DFE3C04D91E8}"
EndProject
Project("{8BC9CEB8-8B4A-11D0-8D11-00A0C91BC942}") = "9_OOP_inicialization", "9_OOP_inicialization\9_OOP_inicialization.vcxproj", "{7AA83517-D0E7-4A6A-994A-4F8CBC21656B}"
EndProject
Project("{8BC9CEB8-8B4A-11D0-8D11-00A0C91BC942}") = "a10_OOP_ClassWizard", "a10_OOP_ClassWizard\a10_OOP_ClassWizard.vcxproj", "{9393B644-6239-4B32-9640-4930958AC2E9}"
EndProject
Project("{8BC9CEB8-8B4A-11D0-8D11-00A0C91BC942}") = "a10_OOP_book", "a10_OOP_book\a10_OOP_book.vcxproj", "{C30FA779-0DE3-4DB4-A667-03562F57D6FE}"
EndProject
Project("{8BC9CEB8-8B4A-11D0-8D11-00A0C91BC942}") = "4_OOP_Stack", "4_OOP_Stack\4_OOP_Stack.vcxproj", "{5EDEE19B-DDB8-4C94-ABCC-E277E74BCC04}"
EndProject
Project("{8BC9CEB8-8B4A-11D0-8D11-00A0C91BC942}") = "5_OOP_Overload", "5_OOP_Overload\5_OOP_Overload.vcxproj", "{D99CE480-2355-4A28-A2A0-E5748667D912}"
EndProject
Project("{8BC9CEB8-8B4A-11D0-8D11-00A0C91BC942}") = "6_OOP_Overload_Vector", "6_OOP_Overload_Vector\6_OOP_Overload_Vector.vcxproj", "{E2203ADF-49F9-4F89-BE30-9C5E71B29955}"
EndProject
Project("{8BC9CEB8-8B4A-11D0-8D11-00A0C91BC942}") = "6.1_OOP_Overload_Assignment", "6.1_OOP_Overload_Assignment\6.1_OOP_Overload_Assignment.vcxproj", "{727EA960-EE82-4B62-A112-702D9D41610E}"
EndProject
Project("{8BC9CEB8-8B4A-11D0-8D11-00A0C91BC942}") = "a11_OOP_fraction", "a11_OOP_fraction\a11_OOP_fraction.vcxproj", "{6E142506-EE69-4864-8E49-F59A7F51A69D}"
EndProject
Project("{8BC9CEB8-8B4A-11D0-8D11-00A0C91BC942}") = "7_OOP_Static_IdGenerator", "7_OOP_Static_IdGenerator\7_OOP_Static_IdGenerator.vcxproj", "{8A862DA7-6935-4B28-990E-C655D46D6A7D}"
EndProject
Project("{8BC9CEB8-8B4A-11D0-8D11-00A0C91BC942}") = "a12_OOP_selfPoint", "a12_OOP_selfPoint\a12_OOP_selfPoint.vcxproj", "{ED07865F-FBDF-4128-91DE-84812A95C126}"
EndProject
Project("{8BC9CEB8-8B4A-11D0-8D11-00A0C91BC942}") = "OOP_OVERLOAD_ALL", "OOP_OVERLOAD_ALL\OOP_OVERLOAD_ALL.vcxproj", "{37AF19FF-204F-4731-B28C-1E2F82465D35}"
EndProject
Project("{8BC9CEB8-8B4A-11D0-8D11-00A0C91BC942}") = "a13_OOP_MonsterGenerator", "a13_OOP_MonsterGenerator\a13_OOP_MonsterGenerator.vcxproj", "{B4EFF162-957F-495E-8143-FEB7C85F45A7}"
EndProject
Project("{8BC9CEB8-8B4A-11D0-8D11-00A0C91BC942}") = "8_OOP_InnerClass", "8_OOP_InnerClass\8_OOP_InnerClass.vcxproj", "{DF076143-23A3-4B1D-8879-69DFBACC9413}"
EndProject
Project("{8BC9CEB8-8B4A-11D0-8D11-00A0C91BC942}") = "a14_OOP_Average", "a14_OOP_Average\a14_OOP_Average.vcxproj", "{7746DCFB-DF88-427E-87C7-DCC4D62D832F}"
EndProject
Project("{8BC9CEB8-8B4A-11D0-8D11-00A0C91BC942}") = "a15_OOP_DiamicArray", "a15_OOP_DiamicArray\a15_OOP_DiamicArray.vcxproj", "{5B8BE01C-2A02-4A1F-9CBF-6FF9E00B6A8D}"
EndProject
Project("{8BC9CEB8-8B4A-11D0-8D11-00A0C91BC942}") = "a16_OOP_FIxedPoint", "a16_OOP_FIxedPoint\a16_OOP_FIxedPoint.vcxproj", "{52201B73-B75A-4175-A38E-A5D467B33D86}"
EndProject
Project("{8BC9CEB8-8B4A-11D0-8D11-00A0C91BC942}") = "OOP_ClassContainer", "OOP_ClassContainer\OOP_ClassContainer.vcxproj", "{7F2EF54A-2D88-45A8-A3C3-3FDFF2DA7869}"
EndProject
Project("{8BC9CEB8-8B4A-11D0-8D11-00A0C91BC942}") = "9_OOP_Inheritance", "9_OOP_Inheritance\9_OOP_Inheritance.vcxproj", "{B4ACAEEA-A615-4F45-8442-CC7D79FDB19B}"
EndProject
Project("{8BC9CEB8-8B4A-11D0-8D11-00A0C91BC942}") = "10_OOP_polimorf", "10_OOP_polimorf\10_OOP_polimorf.vcxproj", "{9F386F98-6D76-4727-B53C-D872B7FBA962}"
EndProject
Project("{8BC9CEB8-8B4A-11D0-8D11-00A0C91BC942}") = "A10_OOP_Pure-Virtual-func", "A10_OOP_Pure-Virtual-func\A10_OOP_Pure-Virtual-func.vcxproj", "{8A5E7643-5FD0-4AA6-A67F-0B728B2D494F}"
EndProject
Project("{8BC9CEB8-8B4A-11D0-8D11-00A0C91BC942}") = "OOP_fruits", "OOP_fruits\OOP_fruits.vcxproj", "{FA6BE952-31EF-4C9E-AE47-CCCB045DEE33}"
EndProject
Project("{8BC9CEB8-8B4A-11D0-8D11-00A0C91BC942}") = "OOP_alphaGAME", "OOP_alphaGAME\OOP_alphaGAME.vcxproj", "{62AB5480-3600-4500-BC52-8EA3C80E6DE8}"
EndProject
Project("{8BC9CEB8-8B4A-11D0-8D11-00A0C91BC942}") = "a11_OOP_MultiClass", "a11_OOP_MultiClass\a11_OOP_MultiClass.vcxproj", "{C168D751-E310-4F37-A53A-3D1BCD7103F9}"
EndProject
Project("{8BC9CEB8-8B4A-11D0-8D11-00A0C91BC942}") = "9_Read_Write_toFile", "9_Read_Write_toFile\9_Read_Write_toFile.vcxproj", "{C87F4FE5-67A3-45FB-A0DC-0ECC87E35D29}"
EndProject
Project("{2150E333-8FDC-42A3-9474-1A3956D46DE8}") = "Alghorithm", "Alghorithm", "{36AB04EB-CC36-4825-8D1F-537D8919A08D}"
EndProject
Project("{8BC9CEB8-8B4A-11D0-8D11-00A0C91BC942}") = "Revers_String", "Revers_String\Revers_String.vcxproj", "{FC4B19BE-27D2-4A7E-A261-55ED62E498AC}"
EndProject
Project("{8BC9CEB8-8B4A-11D0-8D11-00A0C91BC942}") = "a10_Exception", "a10_Exception\a10_Exception.vcxproj", "{34B2A567-0722-4E9D-A5A4-974C365DC686}"
EndProject
Project("{8BC9CEB8-8B4A-11D0-8D11-00A0C91BC942}") = "OOP_ClassExeption", "OOP_ClassExeption\OOP_ClassExeption.vcxproj", "{7B846F83-D2E4-4643-8E13-7BF3BA6A9828}"
EndProject
Project("{8BC9CEB8-8B4A-11D0-8D11-00A0C91BC942}") = "a12_OOP_TemplateClass", "a12_OOP_TemplateClass\a12_OOP_TemplateClass.vcxproj", "{61CEAE09-0E21-4EE6-8F8D-7035F2466BC6}"
EndProject
Project("{8BC9CEB8-8B4A-11D0-8D11-00A0C91BC942}") = "Binary_Search", "Binary_Search\Binary_Search.vcxproj", "{09070B9E-1449-4AE9-89F3-CBB558E2086F}"
EndProject
Project("{8BC9CEB8-8B4A-11D0-8D11-00A0C91BC942}") = "Fibonacci", "Fibonacci\Fibonacci.vcxproj", "{064B0AB2-46BD-47FA-8109-FEEB4A2B9D0A}"
EndProject
Project("{8BC9CEB8-8B4A-11D0-8D11-00A0C91BC942}") = "a13_OOP_SmartPointers", "a13_OOP_SmartPointers\a13_OOP_SmartPointers.vcxproj", "{5A60F4A4-34E6-4C14-92A2-12356B6F8802}"
EndProject
Project("{8BC9CEB8-8B4A-11D0-8D11-00A0C91BC942}") = "Greedy_MaxNumbers", "Greedy_MaxNumbers\Greedy_MaxNumbers.vcxproj", "{ABD6F073-785B-44A7-A92E-24B9D614D704}"
EndProject
Project("{8BC9CEB8-8B4A-11D0-8D11-00A0C91BC942}") = "GasStation_Distance", "GasStation_Distance\GasStation_Distance.vcxproj", "{BFBEB97E-5711-4B75-814C-E35363AF0FE2}"
EndProject
Project("{8BC9CEB8-8B4A-11D0-8D11-00A0C91BC942}") = "Fractional_knapsack", "Fractional_knapsack\Fractional_knapsack.vcxproj", "{83023FBD-1B47-4799-8E05-4E52A08DFE9B}"
EndProject
Project("{8BC9CEB8-8B4A-11D0-8D11-00A0C91BC942}") = "a11_List", "a11_List\a11_List.vcxproj", "{1D9F9CD6-B5F3-4490-9B51-E57696F88701}"
EndProject
Project("{8BC9CEB8-8B4A-11D0-8D11-00A0C91BC942}") = "QuickSort", "QuickSort\QuickSort.vcxproj", "{3CD6E911-E077-498F-B90F-A36EDCE1F9AB}"
EndProject
Project("{8BC9CEB8-8B4A-11D0-8D11-00A0C91BC942}") = "a14_OOP_LinkedList", "a14_OOP_LinkedList\a14_OOP_LinkedList.vcxproj", "{AFECF911-48E8-463F-859A-236F36920177}"
EndProject
Project("{8BC9CEB8-8B4A-11D0-8D11-00A0C91BC942}") = "test_2", "test_2\test_2.vcxproj", "{1C29141F-8DA1-49A5-A939-7E16359795B8}"
EndProject
Project("{8BC9CEB8-8B4A-11D0-8D11-00A0C91BC942}") = "Graph_Dijkstra", "Graph_Dijkstra\Graph_Dijkstra.vcxproj", "{DD28551F-C2D6-4E8B-BC28-796209B69B46}"
EndProject
Project("{8BC9CEB8-8B4A-11D0-8D11-00A0C91BC942}") = "Lambda_functions", "Lambda_functions\Lambda_functions.vcxproj", "{31813C34-8605-4237-BFC7-DD7C48778910}"
EndProject
Global
	GlobalSection(SolutionConfigurationPlatforms) = preSolution
		Debug|Any CPU = Debug|Any CPU
		Debug|x64 = Debug|x64
		Debug|x86 = Debug|x86
		Release|Any CPU = Release|Any CPU
		Release|x64 = Release|x64
		Release|x86 = Release|x86
	EndGlobalSection
	GlobalSection(ProjectConfigurationPlatforms) = postSolution
		{233BEC28-A711-4196-8DFA-B50150A9ADE1}.Debug|Any CPU.ActiveCfg = Debug|Win32
		{233BEC28-A711-4196-8DFA-B50150A9ADE1}.Debug|x64.ActiveCfg = Debug|x64
		{233BEC28-A711-4196-8DFA-B50150A9ADE1}.Debug|x64.Build.0 = Debug|x64
		{233BEC28-A711-4196-8DFA-B50150A9ADE1}.Debug|x86.ActiveCfg = Debug|Win32
		{233BEC28-A711-4196-8DFA-B50150A9ADE1}.Debug|x86.Build.0 = Debug|Win32
		{233BEC28-A711-4196-8DFA-B50150A9ADE1}.Release|Any CPU.ActiveCfg = Release|Win32
		{233BEC28-A711-4196-8DFA-B50150A9ADE1}.Release|x64.ActiveCfg = Release|x64
		{233BEC28-A711-4196-8DFA-B50150A9ADE1}.Release|x64.Build.0 = Release|x64
		{233BEC28-A711-4196-8DFA-B50150A9ADE1}.Release|x86.ActiveCfg = Release|Win32
		{233BEC28-A711-4196-8DFA-B50150A9ADE1}.Release|x86.Build.0 = Release|Win32
		{D03896F5-EBB5-45BC-B231-C7E91B00A65E}.Debug|Any CPU.ActiveCfg = Debug|Win32
		{D03896F5-EBB5-45BC-B231-C7E91B00A65E}.Debug|x64.ActiveCfg = Debug|x64
		{D03896F5-EBB5-45BC-B231-C7E91B00A65E}.Debug|x64.Build.0 = Debug|x64
		{D03896F5-EBB5-45BC-B231-C7E91B00A65E}.Debug|x86.ActiveCfg = Debug|Win32
		{D03896F5-EBB5-45BC-B231-C7E91B00A65E}.Debug|x86.Build.0 = Debug|Win32
		{D03896F5-EBB5-45BC-B231-C7E91B00A65E}.Release|Any CPU.ActiveCfg = Release|Win32
		{D03896F5-EBB5-45BC-B231-C7E91B00A65E}.Release|x64.ActiveCfg = Release|x64
		{D03896F5-EBB5-45BC-B231-C7E91B00A65E}.Release|x64.Build.0 = Release|x64
		{D03896F5-EBB5-45BC-B231-C7E91B00A65E}.Release|x86.ActiveCfg = Release|Win32
		{D03896F5-EBB5-45BC-B231-C7E91B00A65E}.Release|x86.Build.0 = Release|Win32
		{4BBEC630-6B48-4D55-8A0C-0888F706028C}.Debug|Any CPU.ActiveCfg = Debug|Win32
		{4BBEC630-6B48-4D55-8A0C-0888F706028C}.Debug|x64.ActiveCfg = Debug|x64
		{4BBEC630-6B48-4D55-8A0C-0888F706028C}.Debug|x64.Build.0 = Debug|x64
		{4BBEC630-6B48-4D55-8A0C-0888F706028C}.Debug|x86.ActiveCfg = Debug|Win32
		{4BBEC630-6B48-4D55-8A0C-0888F706028C}.Debug|x86.Build.0 = Debug|Win32
		{4BBEC630-6B48-4D55-8A0C-0888F706028C}.Release|Any CPU.ActiveCfg = Release|Win32
		{4BBEC630-6B48-4D55-8A0C-0888F706028C}.Release|x64.ActiveCfg = Release|x64
		{4BBEC630-6B48-4D55-8A0C-0888F706028C}.Release|x64.Build.0 = Release|x64
		{4BBEC630-6B48-4D55-8A0C-0888F706028C}.Release|x86.ActiveCfg = Release|Win32
		{4BBEC630-6B48-4D55-8A0C-0888F706028C}.Release|x86.Build.0 = Release|Win32
		{2C9F466D-0F44-412B-A6D3-9E006352F7B9}.Debug|Any CPU.ActiveCfg = Debug|Win32
		{2C9F466D-0F44-412B-A6D3-9E006352F7B9}.Debug|x64.ActiveCfg = Debug|x64
		{2C9F466D-0F44-412B-A6D3-9E006352F7B9}.Debug|x64.Build.0 = Debug|x64
		{2C9F466D-0F44-412B-A6D3-9E006352F7B9}.Debug|x86.ActiveCfg = Debug|Win32
		{2C9F466D-0F44-412B-A6D3-9E006352F7B9}.Debug|x86.Build.0 = Debug|Win32
		{2C9F466D-0F44-412B-A6D3-9E006352F7B9}.Release|Any CPU.ActiveCfg = Release|Win32
		{2C9F466D-0F44-412B-A6D3-9E006352F7B9}.Release|x64.ActiveCfg = Release|x64
		{2C9F466D-0F44-412B-A6D3-9E006352F7B9}.Release|x64.Build.0 = Release|x64
		{2C9F466D-0F44-412B-A6D3-9E006352F7B9}.Release|x86.ActiveCfg = Release|Win32
		{2C9F466D-0F44-412B-A6D3-9E006352F7B9}.Release|x86.Build.0 = Release|Win32
		{3943F3BB-DB17-4CB9-9EDB-7D8D689F7733}.Debug|Any CPU.ActiveCfg = Debug|Win32
		{3943F3BB-DB17-4CB9-9EDB-7D8D689F7733}.Debug|x64.ActiveCfg = Debug|x64
		{3943F3BB-DB17-4CB9-9EDB-7D8D689F7733}.Debug|x64.Build.0 = Debug|x64
		{3943F3BB-DB17-4CB9-9EDB-7D8D689F7733}.Debug|x86.ActiveCfg = Debug|Win32
		{3943F3BB-DB17-4CB9-9EDB-7D8D689F7733}.Debug|x86.Build.0 = Debug|Win32
		{3943F3BB-DB17-4CB9-9EDB-7D8D689F7733}.Release|Any CPU.ActiveCfg = Release|Win32
		{3943F3BB-DB17-4CB9-9EDB-7D8D689F7733}.Release|x64.ActiveCfg = Release|x64
		{3943F3BB-DB17-4CB9-9EDB-7D8D689F7733}.Release|x64.Build.0 = Release|x64
		{3943F3BB-DB17-4CB9-9EDB-7D8D689F7733}.Release|x86.ActiveCfg = Release|Win32
		{3943F3BB-DB17-4CB9-9EDB-7D8D689F7733}.Release|x86.Build.0 = Release|Win32
		{CA6CFDE6-7B3A-4AC2-BABB-0943E5187695}.Debug|Any CPU.ActiveCfg = Debug|Win32
		{CA6CFDE6-7B3A-4AC2-BABB-0943E5187695}.Debug|x64.ActiveCfg = Debug|x64
		{CA6CFDE6-7B3A-4AC2-BABB-0943E5187695}.Debug|x64.Build.0 = Debug|x64
		{CA6CFDE6-7B3A-4AC2-BABB-0943E5187695}.Debug|x86.ActiveCfg = Debug|Win32
		{CA6CFDE6-7B3A-4AC2-BABB-0943E5187695}.Debug|x86.Build.0 = Debug|Win32
		{CA6CFDE6-7B3A-4AC2-BABB-0943E5187695}.Release|Any CPU.ActiveCfg = Release|Win32
		{CA6CFDE6-7B3A-4AC2-BABB-0943E5187695}.Release|x64.ActiveCfg = Release|x64
		{CA6CFDE6-7B3A-4AC2-BABB-0943E5187695}.Release|x64.Build.0 = Release|x64
		{CA6CFDE6-7B3A-4AC2-BABB-0943E5187695}.Release|x86.ActiveCfg = Release|Win32
		{CA6CFDE6-7B3A-4AC2-BABB-0943E5187695}.Release|x86.Build.0 = Release|Win32
		{9D323F3C-F60E-4E91-AA66-F0D924007A58}.Debug|Any CPU.ActiveCfg = Debug|Win32
		{9D323F3C-F60E-4E91-AA66-F0D924007A58}.Debug|x64.ActiveCfg = Debug|x64
		{9D323F3C-F60E-4E91-AA66-F0D924007A58}.Debug|x64.Build.0 = Debug|x64
		{9D323F3C-F60E-4E91-AA66-F0D924007A58}.Debug|x86.ActiveCfg = Debug|Win32
		{9D323F3C-F60E-4E91-AA66-F0D924007A58}.Debug|x86.Build.0 = Debug|Win32
		{9D323F3C-F60E-4E91-AA66-F0D924007A58}.Release|Any CPU.ActiveCfg = Release|Win32
		{9D323F3C-F60E-4E91-AA66-F0D924007A58}.Release|x64.ActiveCfg = Release|x64
		{9D323F3C-F60E-4E91-AA66-F0D924007A58}.Release|x64.Build.0 = Release|x64
		{9D323F3C-F60E-4E91-AA66-F0D924007A58}.Release|x86.ActiveCfg = Release|Win32
		{9D323F3C-F60E-4E91-AA66-F0D924007A58}.Release|x86.Build.0 = Release|Win32
		{C71E49C7-9CEB-4110-BC51-4FCA81B5B4A4}.Debug|Any CPU.ActiveCfg = Debug|Win32
		{C71E49C7-9CEB-4110-BC51-4FCA81B5B4A4}.Debug|x64.ActiveCfg = Debug|x64
		{C71E49C7-9CEB-4110-BC51-4FCA81B5B4A4}.Debug|x64.Build.0 = Debug|x64
		{C71E49C7-9CEB-4110-BC51-4FCA81B5B4A4}.Debug|x86.ActiveCfg = Debug|Win32
		{C71E49C7-9CEB-4110-BC51-4FCA81B5B4A4}.Debug|x86.Build.0 = Debug|Win32
		{C71E49C7-9CEB-4110-BC51-4FCA81B5B4A4}.Release|Any CPU.ActiveCfg = Release|Win32
		{C71E49C7-9CEB-4110-BC51-4FCA81B5B4A4}.Release|x64.ActiveCfg = Release|x64
		{C71E49C7-9CEB-4110-BC51-4FCA81B5B4A4}.Release|x64.Build.0 = Release|x64
		{C71E49C7-9CEB-4110-BC51-4FCA81B5B4A4}.Release|x86.ActiveCfg = Release|Win32
		{C71E49C7-9CEB-4110-BC51-4FCA81B5B4A4}.Release|x86.Build.0 = Release|Win32
		{ACFD7834-2118-408A-AC9D-D8B4F09993F7}.Debug|Any CPU.ActiveCfg = Debug|Win32
		{ACFD7834-2118-408A-AC9D-D8B4F09993F7}.Debug|x64.ActiveCfg = Debug|x64
		{ACFD7834-2118-408A-AC9D-D8B4F09993F7}.Debug|x64.Build.0 = Debug|x64
		{ACFD7834-2118-408A-AC9D-D8B4F09993F7}.Debug|x86.ActiveCfg = Debug|Win32
		{ACFD7834-2118-408A-AC9D-D8B4F09993F7}.Debug|x86.Build.0 = Debug|Win32
		{ACFD7834-2118-408A-AC9D-D8B4F09993F7}.Release|Any CPU.ActiveCfg = Release|Win32
		{ACFD7834-2118-408A-AC9D-D8B4F09993F7}.Release|x64.ActiveCfg = Release|x64
		{ACFD7834-2118-408A-AC9D-D8B4F09993F7}.Release|x64.Build.0 = Release|x64
		{ACFD7834-2118-408A-AC9D-D8B4F09993F7}.Release|x86.ActiveCfg = Release|Win32
		{ACFD7834-2118-408A-AC9D-D8B4F09993F7}.Release|x86.Build.0 = Release|Win32
		{82972D78-2FCD-49AA-A90B-AF81F88E4F7F}.Debug|Any CPU.ActiveCfg = Debug|Win32
		{82972D78-2FCD-49AA-A90B-AF81F88E4F7F}.Debug|x64.ActiveCfg = Debug|x64
		{82972D78-2FCD-49AA-A90B-AF81F88E4F7F}.Debug|x64.Build.0 = Debug|x64
		{82972D78-2FCD-49AA-A90B-AF81F88E4F7F}.Debug|x86.ActiveCfg = Debug|Win32
		{82972D78-2FCD-49AA-A90B-AF81F88E4F7F}.Debug|x86.Build.0 = Debug|Win32
		{82972D78-2FCD-49AA-A90B-AF81F88E4F7F}.Release|Any CPU.ActiveCfg = Release|Win32
		{82972D78-2FCD-49AA-A90B-AF81F88E4F7F}.Release|x64.ActiveCfg = Release|x64
		{82972D78-2FCD-49AA-A90B-AF81F88E4F7F}.Release|x64.Build.0 = Release|x64
		{82972D78-2FCD-49AA-A90B-AF81F88E4F7F}.Release|x86.ActiveCfg = Release|Win32
		{82972D78-2FCD-49AA-A90B-AF81F88E4F7F}.Release|x86.Build.0 = Release|Win32
		{7ED375AB-A9EF-45C2-AD19-8FB39AFF00D8}.Debug|Any CPU.ActiveCfg = Debug|Win32
		{7ED375AB-A9EF-45C2-AD19-8FB39AFF00D8}.Debug|x64.ActiveCfg = Debug|x64
		{7ED375AB-A9EF-45C2-AD19-8FB39AFF00D8}.Debug|x64.Build.0 = Debug|x64
		{7ED375AB-A9EF-45C2-AD19-8FB39AFF00D8}.Debug|x86.ActiveCfg = Debug|Win32
		{7ED375AB-A9EF-45C2-AD19-8FB39AFF00D8}.Debug|x86.Build.0 = Debug|Win32
		{7ED375AB-A9EF-45C2-AD19-8FB39AFF00D8}.Release|Any CPU.ActiveCfg = Release|Win32
		{7ED375AB-A9EF-45C2-AD19-8FB39AFF00D8}.Release|x64.ActiveCfg = Release|x64
		{7ED375AB-A9EF-45C2-AD19-8FB39AFF00D8}.Release|x64.Build.0 = Release|x64
		{7ED375AB-A9EF-45C2-AD19-8FB39AFF00D8}.Release|x86.ActiveCfg = Release|Win32
		{7ED375AB-A9EF-45C2-AD19-8FB39AFF00D8}.Release|x86.Build.0 = Release|Win32
		{8C802182-120B-4CD1-A0A2-8B485DFF00D7}.Debug|Any CPU.ActiveCfg = Debug|Win32
		{8C802182-120B-4CD1-A0A2-8B485DFF00D7}.Debug|x64.ActiveCfg = Debug|x64
		{8C802182-120B-4CD1-A0A2-8B485DFF00D7}.Debug|x64.Build.0 = Debug|x64
		{8C802182-120B-4CD1-A0A2-8B485DFF00D7}.Debug|x86.ActiveCfg = Debug|Win32
		{8C802182-120B-4CD1-A0A2-8B485DFF00D7}.Debug|x86.Build.0 = Debug|Win32
		{8C802182-120B-4CD1-A0A2-8B485DFF00D7}.Release|Any CPU.ActiveCfg = Release|Win32
		{8C802182-120B-4CD1-A0A2-8B485DFF00D7}.Release|x64.ActiveCfg = Release|x64
		{8C802182-120B-4CD1-A0A2-8B485DFF00D7}.Release|x64.Build.0 = Release|x64
		{8C802182-120B-4CD1-A0A2-8B485DFF00D7}.Release|x86.ActiveCfg = Release|Win32
		{8C802182-120B-4CD1-A0A2-8B485DFF00D7}.Release|x86.Build.0 = Release|Win32
		{EC112464-1B21-4C25-8556-46307D5703AA}.Debug|Any CPU.ActiveCfg = Debug|Win32
		{EC112464-1B21-4C25-8556-46307D5703AA}.Debug|x64.ActiveCfg = Debug|x64
		{EC112464-1B21-4C25-8556-46307D5703AA}.Debug|x64.Build.0 = Debug|x64
		{EC112464-1B21-4C25-8556-46307D5703AA}.Debug|x86.ActiveCfg = Debug|Win32
		{EC112464-1B21-4C25-8556-46307D5703AA}.Debug|x86.Build.0 = Debug|Win32
		{EC112464-1B21-4C25-8556-46307D5703AA}.Release|Any CPU.ActiveCfg = Release|Win32
		{EC112464-1B21-4C25-8556-46307D5703AA}.Release|x64.ActiveCfg = Release|x64
		{EC112464-1B21-4C25-8556-46307D5703AA}.Release|x64.Build.0 = Release|x64
		{EC112464-1B21-4C25-8556-46307D5703AA}.Release|x86.ActiveCfg = Release|Win32
		{EC112464-1B21-4C25-8556-46307D5703AA}.Release|x86.Build.0 = Release|Win32
		{5E27F4F2-E771-4AC1-A65D-E61F75A31A60}.Debug|Any CPU.ActiveCfg = Debug|Win32
		{5E27F4F2-E771-4AC1-A65D-E61F75A31A60}.Debug|x64.ActiveCfg = Debug|x64
		{5E27F4F2-E771-4AC1-A65D-E61F75A31A60}.Debug|x64.Build.0 = Debug|x64
		{5E27F4F2-E771-4AC1-A65D-E61F75A31A60}.Debug|x86.ActiveCfg = Debug|Win32
		{5E27F4F2-E771-4AC1-A65D-E61F75A31A60}.Debug|x86.Build.0 = Debug|Win32
		{5E27F4F2-E771-4AC1-A65D-E61F75A31A60}.Release|Any CPU.ActiveCfg = Release|Win32
		{5E27F4F2-E771-4AC1-A65D-E61F75A31A60}.Release|x64.ActiveCfg = Release|x64
		{5E27F4F2-E771-4AC1-A65D-E61F75A31A60}.Release|x64.Build.0 = Release|x64
		{5E27F4F2-E771-4AC1-A65D-E61F75A31A60}.Release|x86.ActiveCfg = Release|Win32
		{5E27F4F2-E771-4AC1-A65D-E61F75A31A60}.Release|x86.Build.0 = Release|Win32
		{8261EEBA-D219-47AB-B7DF-FEB35B2C75CB}.Debug|Any CPU.ActiveCfg = Debug|Win32
		{8261EEBA-D219-47AB-B7DF-FEB35B2C75CB}.Debug|x64.ActiveCfg = Debug|x64
		{8261EEBA-D219-47AB-B7DF-FEB35B2C75CB}.Debug|x64.Build.0 = Debug|x64
		{8261EEBA-D219-47AB-B7DF-FEB35B2C75CB}.Debug|x86.ActiveCfg = Debug|Win32
		{8261EEBA-D219-47AB-B7DF-FEB35B2C75CB}.Debug|x86.Build.0 = Debug|Win32
		{8261EEBA-D219-47AB-B7DF-FEB35B2C75CB}.Release|Any CPU.ActiveCfg = Release|Win32
		{8261EEBA-D219-47AB-B7DF-FEB35B2C75CB}.Release|x64.ActiveCfg = Release|x64
		{8261EEBA-D219-47AB-B7DF-FEB35B2C75CB}.Release|x64.Build.0 = Release|x64
		{8261EEBA-D219-47AB-B7DF-FEB35B2C75CB}.Release|x86.ActiveCfg = Release|Win32
		{8261EEBA-D219-47AB-B7DF-FEB35B2C75CB}.Release|x86.Build.0 = Release|Win32
		{ABA032AA-31F7-4737-958C-7BC976A78F10}.Debug|Any CPU.ActiveCfg = Debug|Win32
		{ABA032AA-31F7-4737-958C-7BC976A78F10}.Debug|x64.ActiveCfg = Debug|x64
		{ABA032AA-31F7-4737-958C-7BC976A78F10}.Debug|x64.Build.0 = Debug|x64
		{ABA032AA-31F7-4737-958C-7BC976A78F10}.Debug|x86.ActiveCfg = Debug|Win32
		{ABA032AA-31F7-4737-958C-7BC976A78F10}.Debug|x86.Build.0 = Debug|Win32
		{ABA032AA-31F7-4737-958C-7BC976A78F10}.Release|Any CPU.ActiveCfg = Release|Win32
		{ABA032AA-31F7-4737-958C-7BC976A78F10}.Release|x64.ActiveCfg = Release|x64
		{ABA032AA-31F7-4737-958C-7BC976A78F10}.Release|x64.Build.0 = Release|x64
		{ABA032AA-31F7-4737-958C-7BC976A78F10}.Release|x86.ActiveCfg = Release|Win32
		{ABA032AA-31F7-4737-958C-7BC976A78F10}.Release|x86.Build.0 = Release|Win32
		{C430EAE5-D7A8-40B5-BF5B-432CCE2E7537}.Debug|Any CPU.ActiveCfg = Debug|Win32
		{C430EAE5-D7A8-40B5-BF5B-432CCE2E7537}.Debug|x64.ActiveCfg = Debug|x64
		{C430EAE5-D7A8-40B5-BF5B-432CCE2E7537}.Debug|x64.Build.0 = Debug|x64
		{C430EAE5-D7A8-40B5-BF5B-432CCE2E7537}.Debug|x86.ActiveCfg = Debug|Win32
		{C430EAE5-D7A8-40B5-BF5B-432CCE2E7537}.Debug|x86.Build.0 = Debug|Win32
		{C430EAE5-D7A8-40B5-BF5B-432CCE2E7537}.Release|Any CPU.ActiveCfg = Release|Win32
		{C430EAE5-D7A8-40B5-BF5B-432CCE2E7537}.Release|x64.ActiveCfg = Release|x64
		{C430EAE5-D7A8-40B5-BF5B-432CCE2E7537}.Release|x64.Build.0 = Release|x64
		{C430EAE5-D7A8-40B5-BF5B-432CCE2E7537}.Release|x86.ActiveCfg = Release|Win32
		{C430EAE5-D7A8-40B5-BF5B-432CCE2E7537}.Release|x86.Build.0 = Release|Win32
		{7AD11740-5C24-4D7C-BBE9-6E36CC0E3183}.Debug|Any CPU.ActiveCfg = Debug|Win32
		{7AD11740-5C24-4D7C-BBE9-6E36CC0E3183}.Debug|x64.ActiveCfg = Debug|x64
		{7AD11740-5C24-4D7C-BBE9-6E36CC0E3183}.Debug|x64.Build.0 = Debug|x64
		{7AD11740-5C24-4D7C-BBE9-6E36CC0E3183}.Debug|x86.ActiveCfg = Debug|Win32
		{7AD11740-5C24-4D7C-BBE9-6E36CC0E3183}.Debug|x86.Build.0 = Debug|Win32
		{7AD11740-5C24-4D7C-BBE9-6E36CC0E3183}.Release|Any CPU.ActiveCfg = Release|Win32
		{7AD11740-5C24-4D7C-BBE9-6E36CC0E3183}.Release|x64.ActiveCfg = Release|x64
		{7AD11740-5C24-4D7C-BBE9-6E36CC0E3183}.Release|x64.Build.0 = Release|x64
		{7AD11740-5C24-4D7C-BBE9-6E36CC0E3183}.Release|x86.ActiveCfg = Release|Win32
		{7AD11740-5C24-4D7C-BBE9-6E36CC0E3183}.Release|x86.Build.0 = Release|Win32
		{0DCD1E17-F99D-4071-9ECF-C4E9143148B4}.Debug|Any CPU.ActiveCfg = Debug|Win32
		{0DCD1E17-F99D-4071-9ECF-C4E9143148B4}.Debug|x64.ActiveCfg = Debug|x64
		{0DCD1E17-F99D-4071-9ECF-C4E9143148B4}.Debug|x64.Build.0 = Debug|x64
		{0DCD1E17-F99D-4071-9ECF-C4E9143148B4}.Debug|x86.ActiveCfg = Debug|Win32
		{0DCD1E17-F99D-4071-9ECF-C4E9143148B4}.Debug|x86.Build.0 = Debug|Win32
		{0DCD1E17-F99D-4071-9ECF-C4E9143148B4}.Release|Any CPU.ActiveCfg = Release|Win32
		{0DCD1E17-F99D-4071-9ECF-C4E9143148B4}.Release|x64.ActiveCfg = Release|x64
		{0DCD1E17-F99D-4071-9ECF-C4E9143148B4}.Release|x64.Build.0 = Release|x64
		{0DCD1E17-F99D-4071-9ECF-C4E9143148B4}.Release|x86.ActiveCfg = Release|Win32
		{0DCD1E17-F99D-4071-9ECF-C4E9143148B4}.Release|x86.Build.0 = Release|Win32
		{82CD4427-870C-40F2-AC9A-C2D6FBB8E15B}.Debug|Any CPU.ActiveCfg = Debug|Win32
		{82CD4427-870C-40F2-AC9A-C2D6FBB8E15B}.Debug|x64.ActiveCfg = Debug|x64
		{82CD4427-870C-40F2-AC9A-C2D6FBB8E15B}.Debug|x64.Build.0 = Debug|x64
		{82CD4427-870C-40F2-AC9A-C2D6FBB8E15B}.Debug|x86.ActiveCfg = Debug|Win32
		{82CD4427-870C-40F2-AC9A-C2D6FBB8E15B}.Debug|x86.Build.0 = Debug|Win32
		{82CD4427-870C-40F2-AC9A-C2D6FBB8E15B}.Release|Any CPU.ActiveCfg = Release|Win32
		{82CD4427-870C-40F2-AC9A-C2D6FBB8E15B}.Release|x64.ActiveCfg = Release|x64
		{82CD4427-870C-40F2-AC9A-C2D6FBB8E15B}.Release|x64.Build.0 = Release|x64
		{82CD4427-870C-40F2-AC9A-C2D6FBB8E15B}.Release|x86.ActiveCfg = Release|Win32
		{82CD4427-870C-40F2-AC9A-C2D6FBB8E15B}.Release|x86.Build.0 = Release|Win32
		{B0172789-DC4F-44E5-BD7A-E233D5A2AA17}.Debug|Any CPU.ActiveCfg = Debug|Win32
		{B0172789-DC4F-44E5-BD7A-E233D5A2AA17}.Debug|x64.ActiveCfg = Debug|x64
		{B0172789-DC4F-44E5-BD7A-E233D5A2AA17}.Debug|x64.Build.0 = Debug|x64
		{B0172789-DC4F-44E5-BD7A-E233D5A2AA17}.Debug|x86.ActiveCfg = Debug|Win32
		{B0172789-DC4F-44E5-BD7A-E233D5A2AA17}.Debug|x86.Build.0 = Debug|Win32
		{B0172789-DC4F-44E5-BD7A-E233D5A2AA17}.Release|Any CPU.ActiveCfg = Release|Win32
		{B0172789-DC4F-44E5-BD7A-E233D5A2AA17}.Release|x64.ActiveCfg = Release|x64
		{B0172789-DC4F-44E5-BD7A-E233D5A2AA17}.Release|x64.Build.0 = Release|x64
		{B0172789-DC4F-44E5-BD7A-E233D5A2AA17}.Release|x86.ActiveCfg = Release|Win32
		{B0172789-DC4F-44E5-BD7A-E233D5A2AA17}.Release|x86.Build.0 = Release|Win32
		{0469D9BC-818D-4438-B069-EFBA34CBC2D4}.Debug|Any CPU.ActiveCfg = Debug|Win32
		{0469D9BC-818D-4438-B069-EFBA34CBC2D4}.Debug|x64.ActiveCfg = Debug|x64
		{0469D9BC-818D-4438-B069-EFBA34CBC2D4}.Debug|x64.Build.0 = Debug|x64
		{0469D9BC-818D-4438-B069-EFBA34CBC2D4}.Debug|x86.ActiveCfg = Debug|Win32
		{0469D9BC-818D-4438-B069-EFBA34CBC2D4}.Debug|x86.Build.0 = Debug|Win32
		{0469D9BC-818D-4438-B069-EFBA34CBC2D4}.Release|Any CPU.ActiveCfg = Release|Win32
		{0469D9BC-818D-4438-B069-EFBA34CBC2D4}.Release|x64.ActiveCfg = Release|x64
		{0469D9BC-818D-4438-B069-EFBA34CBC2D4}.Release|x64.Build.0 = Release|x64
		{0469D9BC-818D-4438-B069-EFBA34CBC2D4}.Release|x86.ActiveCfg = Release|Win32
		{0469D9BC-818D-4438-B069-EFBA34CBC2D4}.Release|x86.Build.0 = Release|Win32
		{CF35A0E2-2F35-4439-8C96-2E60BF526EAB}.Debug|Any CPU.ActiveCfg = Debug|Win32
		{CF35A0E2-2F35-4439-8C96-2E60BF526EAB}.Debug|x64.ActiveCfg = Debug|x64
		{CF35A0E2-2F35-4439-8C96-2E60BF526EAB}.Debug|x64.Build.0 = Debug|x64
		{CF35A0E2-2F35-4439-8C96-2E60BF526EAB}.Debug|x86.ActiveCfg = Debug|Win32
		{CF35A0E2-2F35-4439-8C96-2E60BF526EAB}.Debug|x86.Build.0 = Debug|Win32
		{CF35A0E2-2F35-4439-8C96-2E60BF526EAB}.Release|Any CPU.ActiveCfg = Release|Win32
		{CF35A0E2-2F35-4439-8C96-2E60BF526EAB}.Release|x64.ActiveCfg = Release|x64
		{CF35A0E2-2F35-4439-8C96-2E60BF526EAB}.Release|x64.Build.0 = Release|x64
		{CF35A0E2-2F35-4439-8C96-2E60BF526EAB}.Release|x86.ActiveCfg = Release|Win32
		{CF35A0E2-2F35-4439-8C96-2E60BF526EAB}.Release|x86.Build.0 = Release|Win32
		{D512F3D8-CCC9-4498-8607-48C3AD041631}.Debug|Any CPU.ActiveCfg = Debug|Win32
		{D512F3D8-CCC9-4498-8607-48C3AD041631}.Debug|x64.ActiveCfg = Debug|x64
		{D512F3D8-CCC9-4498-8607-48C3AD041631}.Debug|x64.Build.0 = Debug|x64
		{D512F3D8-CCC9-4498-8607-48C3AD041631}.Debug|x86.ActiveCfg = Debug|Win32
		{D512F3D8-CCC9-4498-8607-48C3AD041631}.Debug|x86.Build.0 = Debug|Win32
		{D512F3D8-CCC9-4498-8607-48C3AD041631}.Release|Any CPU.ActiveCfg = Release|Win32
		{D512F3D8-CCC9-4498-8607-48C3AD041631}.Release|x64.ActiveCfg = Release|x64
		{D512F3D8-CCC9-4498-8607-48C3AD041631}.Release|x64.Build.0 = Release|x64
		{D512F3D8-CCC9-4498-8607-48C3AD041631}.Release|x86.ActiveCfg = Release|Win32
		{D512F3D8-CCC9-4498-8607-48C3AD041631}.Release|x86.Build.0 = Release|Win32
		{C7597F5F-9A6B-4DD4-BD8A-D568B1FACC98}.Debug|Any CPU.ActiveCfg = Debug|Win32
		{C7597F5F-9A6B-4DD4-BD8A-D568B1FACC98}.Debug|x64.ActiveCfg = Debug|x64
		{C7597F5F-9A6B-4DD4-BD8A-D568B1FACC98}.Debug|x64.Build.0 = Debug|x64
		{C7597F5F-9A6B-4DD4-BD8A-D568B1FACC98}.Debug|x86.ActiveCfg = Debug|Win32
		{C7597F5F-9A6B-4DD4-BD8A-D568B1FACC98}.Debug|x86.Build.0 = Debug|Win32
		{C7597F5F-9A6B-4DD4-BD8A-D568B1FACC98}.Release|Any CPU.ActiveCfg = Release|Win32
		{C7597F5F-9A6B-4DD4-BD8A-D568B1FACC98}.Release|x64.ActiveCfg = Release|x64
		{C7597F5F-9A6B-4DD4-BD8A-D568B1FACC98}.Release|x64.Build.0 = Release|x64
		{C7597F5F-9A6B-4DD4-BD8A-D568B1FACC98}.Release|x86.ActiveCfg = Release|Win32
		{C7597F5F-9A6B-4DD4-BD8A-D568B1FACC98}.Release|x86.Build.0 = Release|Win32
		{9E6DEA1D-6820-4B8B-BE06-6B1F62229F77}.Debug|Any CPU.ActiveCfg = Debug|Win32
		{9E6DEA1D-6820-4B8B-BE06-6B1F62229F77}.Debug|x64.ActiveCfg = Debug|x64
		{9E6DEA1D-6820-4B8B-BE06-6B1F62229F77}.Debug|x64.Build.0 = Debug|x64
		{9E6DEA1D-6820-4B8B-BE06-6B1F62229F77}.Debug|x86.ActiveCfg = Debug|Win32
		{9E6DEA1D-6820-4B8B-BE06-6B1F62229F77}.Debug|x86.Build.0 = Debug|Win32
		{9E6DEA1D-6820-4B8B-BE06-6B1F62229F77}.Release|Any CPU.ActiveCfg = Release|Win32
		{9E6DEA1D-6820-4B8B-BE06-6B1F62229F77}.Release|x64.ActiveCfg = Release|x64
		{9E6DEA1D-6820-4B8B-BE06-6B1F62229F77}.Release|x64.Build.0 = Release|x64
		{9E6DEA1D-6820-4B8B-BE06-6B1F62229F77}.Release|x86.ActiveCfg = Release|Win32
		{9E6DEA1D-6820-4B8B-BE06-6B1F62229F77}.Release|x86.Build.0 = Release|Win32
		{2BADB3AA-5368-4101-B693-1BF8C4BBF7EC}.Debug|Any CPU.ActiveCfg = Debug|Win32
		{2BADB3AA-5368-4101-B693-1BF8C4BBF7EC}.Debug|x64.ActiveCfg = Debug|x64
		{2BADB3AA-5368-4101-B693-1BF8C4BBF7EC}.Debug|x64.Build.0 = Debug|x64
		{2BADB3AA-5368-4101-B693-1BF8C4BBF7EC}.Debug|x86.ActiveCfg = Debug|Win32
		{2BADB3AA-5368-4101-B693-1BF8C4BBF7EC}.Debug|x86.Build.0 = Debug|Win32
		{2BADB3AA-5368-4101-B693-1BF8C4BBF7EC}.Release|Any CPU.ActiveCfg = Release|Win32
		{2BADB3AA-5368-4101-B693-1BF8C4BBF7EC}.Release|x64.ActiveCfg = Release|x64
		{2BADB3AA-5368-4101-B693-1BF8C4BBF7EC}.Release|x64.Build.0 = Release|x64
		{2BADB3AA-5368-4101-B693-1BF8C4BBF7EC}.Release|x86.ActiveCfg = Release|Win32
		{2BADB3AA-5368-4101-B693-1BF8C4BBF7EC}.Release|x86.Build.0 = Release|Win32
		{32913584-5C16-463D-BD88-CFFF33F4BAA0}.Debug|Any CPU.ActiveCfg = Debug|Win32
		{32913584-5C16-463D-BD88-CFFF33F4BAA0}.Debug|x64.ActiveCfg = Debug|x64
		{32913584-5C16-463D-BD88-CFFF33F4BAA0}.Debug|x64.Build.0 = Debug|x64
		{32913584-5C16-463D-BD88-CFFF33F4BAA0}.Debug|x86.ActiveCfg = Debug|Win32
		{32913584-5C16-463D-BD88-CFFF33F4BAA0}.Debug|x86.Build.0 = Debug|Win32
		{32913584-5C16-463D-BD88-CFFF33F4BAA0}.Release|Any CPU.ActiveCfg = Release|Win32
		{32913584-5C16-463D-BD88-CFFF33F4BAA0}.Release|x64.ActiveCfg = Release|x64
		{32913584-5C16-463D-BD88-CFFF33F4BAA0}.Release|x64.Build.0 = Release|x64
		{32913584-5C16-463D-BD88-CFFF33F4BAA0}.Release|x86.ActiveCfg = Release|Win32
		{32913584-5C16-463D-BD88-CFFF33F4BAA0}.Release|x86.Build.0 = Release|Win32
		{6F979541-B360-4DC7-97E1-5FD97FAD9A37}.Debug|Any CPU.ActiveCfg = Debug|Win32
		{6F979541-B360-4DC7-97E1-5FD97FAD9A37}.Debug|x64.ActiveCfg = Debug|x64
		{6F979541-B360-4DC7-97E1-5FD97FAD9A37}.Debug|x64.Build.0 = Debug|x64
		{6F979541-B360-4DC7-97E1-5FD97FAD9A37}.Debug|x86.ActiveCfg = Debug|Win32
		{6F979541-B360-4DC7-97E1-5FD97FAD9A37}.Debug|x86.Build.0 = Debug|Win32
		{6F979541-B360-4DC7-97E1-5FD97FAD9A37}.Release|Any CPU.ActiveCfg = Release|Win32
		{6F979541-B360-4DC7-97E1-5FD97FAD9A37}.Release|x64.ActiveCfg = Release|x64
		{6F979541-B360-4DC7-97E1-5FD97FAD9A37}.Release|x64.Build.0 = Release|x64
		{6F979541-B360-4DC7-97E1-5FD97FAD9A37}.Release|x86.ActiveCfg = Release|Win32
		{6F979541-B360-4DC7-97E1-5FD97FAD9A37}.Release|x86.Build.0 = Release|Win32
		{F65538C9-B931-48FD-B68B-59EC3C47648E}.Debug|Any CPU.ActiveCfg = Debug|Win32
		{F65538C9-B931-48FD-B68B-59EC3C47648E}.Debug|x64.ActiveCfg = Debug|x64
		{F65538C9-B931-48FD-B68B-59EC3C47648E}.Debug|x64.Build.0 = Debug|x64
		{F65538C9-B931-48FD-B68B-59EC3C47648E}.Debug|x86.ActiveCfg = Debug|Win32
		{F65538C9-B931-48FD-B68B-59EC3C47648E}.Debug|x86.Build.0 = Debug|Win32
		{F65538C9-B931-48FD-B68B-59EC3C47648E}.Release|Any CPU.ActiveCfg = Release|Win32
		{F65538C9-B931-48FD-B68B-59EC3C47648E}.Release|x64.ActiveCfg = Release|x64
		{F65538C9-B931-48FD-B68B-59EC3C47648E}.Release|x64.Build.0 = Release|x64
		{F65538C9-B931-48FD-B68B-59EC3C47648E}.Release|x86.ActiveCfg = Release|Win32
		{F65538C9-B931-48FD-B68B-59EC3C47648E}.Release|x86.Build.0 = Release|Win32
		{2B1F5D1B-932B-41CD-BCE3-8963E8BC3F19}.Debug|Any CPU.ActiveCfg = Debug|Win32
		{2B1F5D1B-932B-41CD-BCE3-8963E8BC3F19}.Debug|x64.ActiveCfg = Debug|x64
		{2B1F5D1B-932B-41CD-BCE3-8963E8BC3F19}.Debug|x64.Build.0 = Debug|x64
		{2B1F5D1B-932B-41CD-BCE3-8963E8BC3F19}.Debug|x86.ActiveCfg = Debug|Win32
		{2B1F5D1B-932B-41CD-BCE3-8963E8BC3F19}.Debug|x86.Build.0 = Debug|Win32
		{2B1F5D1B-932B-41CD-BCE3-8963E8BC3F19}.Release|Any CPU.ActiveCfg = Release|Win32
		{2B1F5D1B-932B-41CD-BCE3-8963E8BC3F19}.Release|x64.ActiveCfg = Release|x64
		{2B1F5D1B-932B-41CD-BCE3-8963E8BC3F19}.Release|x64.Build.0 = Release|x64
		{2B1F5D1B-932B-41CD-BCE3-8963E8BC3F19}.Release|x86.ActiveCfg = Release|Win32
		{2B1F5D1B-932B-41CD-BCE3-8963E8BC3F19}.Release|x86.Build.0 = Release|Win32
		{01634129-24A0-4BA8-AD16-761AFB15E663}.Debug|Any CPU.ActiveCfg = Debug|Win32
		{01634129-24A0-4BA8-AD16-761AFB15E663}.Debug|x64.ActiveCfg = Debug|x64
		{01634129-24A0-4BA8-AD16-761AFB15E663}.Debug|x64.Build.0 = Debug|x64
		{01634129-24A0-4BA8-AD16-761AFB15E663}.Debug|x86.ActiveCfg = Debug|Win32
		{01634129-24A0-4BA8-AD16-761AFB15E663}.Debug|x86.Build.0 = Debug|Win32
		{01634129-24A0-4BA8-AD16-761AFB15E663}.Release|Any CPU.ActiveCfg = Release|Win32
		{01634129-24A0-4BA8-AD16-761AFB15E663}.Release|x64.ActiveCfg = Release|x64
		{01634129-24A0-4BA8-AD16-761AFB15E663}.Release|x64.Build.0 = Release|x64
		{01634129-24A0-4BA8-AD16-761AFB15E663}.Release|x86.ActiveCfg = Release|Win32
		{01634129-24A0-4BA8-AD16-761AFB15E663}.Release|x86.Build.0 = Release|Win32
		{8754C565-4C15-4987-AD85-A0B2F43A078C}.Debug|Any CPU.ActiveCfg = Debug|Win32
		{8754C565-4C15-4987-AD85-A0B2F43A078C}.Debug|x64.ActiveCfg = Debug|x64
		{8754C565-4C15-4987-AD85-A0B2F43A078C}.Debug|x64.Build.0 = Debug|x64
		{8754C565-4C15-4987-AD85-A0B2F43A078C}.Debug|x86.ActiveCfg = Debug|Win32
		{8754C565-4C15-4987-AD85-A0B2F43A078C}.Debug|x86.Build.0 = Debug|Win32
		{8754C565-4C15-4987-AD85-A0B2F43A078C}.Release|Any CPU.ActiveCfg = Release|Win32
		{8754C565-4C15-4987-AD85-A0B2F43A078C}.Release|x64.ActiveCfg = Release|x64
		{8754C565-4C15-4987-AD85-A0B2F43A078C}.Release|x64.Build.0 = Release|x64
		{8754C565-4C15-4987-AD85-A0B2F43A078C}.Release|x86.ActiveCfg = Release|Win32
		{8754C565-4C15-4987-AD85-A0B2F43A078C}.Release|x86.Build.0 = Release|Win32
		{020493A5-B088-4F1E-8C06-4790EB968979}.Debug|Any CPU.ActiveCfg = Debug|Win32
		{020493A5-B088-4F1E-8C06-4790EB968979}.Debug|x64.ActiveCfg = Debug|x64
		{020493A5-B088-4F1E-8C06-4790EB968979}.Debug|x64.Build.0 = Debug|x64
		{020493A5-B088-4F1E-8C06-4790EB968979}.Debug|x86.ActiveCfg = Debug|Win32
		{020493A5-B088-4F1E-8C06-4790EB968979}.Debug|x86.Build.0 = Debug|Win32
		{020493A5-B088-4F1E-8C06-4790EB968979}.Release|Any CPU.ActiveCfg = Release|Win32
		{020493A5-B088-4F1E-8C06-4790EB968979}.Release|x64.ActiveCfg = Release|x64
		{020493A5-B088-4F1E-8C06-4790EB968979}.Release|x64.Build.0 = Release|x64
		{020493A5-B088-4F1E-8C06-4790EB968979}.Release|x86.ActiveCfg = Release|Win32
		{020493A5-B088-4F1E-8C06-4790EB968979}.Release|x86.Build.0 = Release|Win32
		{16A1C749-DB55-4C8D-9BF9-8F73CE380694}.Debug|Any CPU.ActiveCfg = Debug|Win32
		{16A1C749-DB55-4C8D-9BF9-8F73CE380694}.Debug|x64.ActiveCfg = Debug|x64
		{16A1C749-DB55-4C8D-9BF9-8F73CE380694}.Debug|x64.Build.0 = Debug|x64
		{16A1C749-DB55-4C8D-9BF9-8F73CE380694}.Debug|x86.ActiveCfg = Debug|Win32
		{16A1C749-DB55-4C8D-9BF9-8F73CE380694}.Debug|x86.Build.0 = Debug|Win32
		{16A1C749-DB55-4C8D-9BF9-8F73CE380694}.Release|Any CPU.ActiveCfg = Release|Win32
		{16A1C749-DB55-4C8D-9BF9-8F73CE380694}.Release|x64.ActiveCfg = Release|x64
		{16A1C749-DB55-4C8D-9BF9-8F73CE380694}.Release|x64.Build.0 = Release|x64
		{16A1C749-DB55-4C8D-9BF9-8F73CE380694}.Release|x86.ActiveCfg = Release|Win32
		{16A1C749-DB55-4C8D-9BF9-8F73CE380694}.Release|x86.Build.0 = Release|Win32
		{DE641BDE-AA4D-482B-BE79-AAF119FF3C6E}.Debug|Any CPU.ActiveCfg = Debug|Win32
		{DE641BDE-AA4D-482B-BE79-AAF119FF3C6E}.Debug|x64.ActiveCfg = Debug|x64
		{DE641BDE-AA4D-482B-BE79-AAF119FF3C6E}.Debug|x64.Build.0 = Debug|x64
		{DE641BDE-AA4D-482B-BE79-AAF119FF3C6E}.Debug|x86.ActiveCfg = Debug|Win32
		{DE641BDE-AA4D-482B-BE79-AAF119FF3C6E}.Debug|x86.Build.0 = Debug|Win32
		{DE641BDE-AA4D-482B-BE79-AAF119FF3C6E}.Release|Any CPU.ActiveCfg = Release|Win32
		{DE641BDE-AA4D-482B-BE79-AAF119FF3C6E}.Release|x64.ActiveCfg = Release|x64
		{DE641BDE-AA4D-482B-BE79-AAF119FF3C6E}.Release|x64.Build.0 = Release|x64
		{DE641BDE-AA4D-482B-BE79-AAF119FF3C6E}.Release|x86.ActiveCfg = Release|Win32
		{DE641BDE-AA4D-482B-BE79-AAF119FF3C6E}.Release|x86.Build.0 = Release|Win32
		{0D6BDB85-45C9-45F1-9CC4-E3D50BA17422}.Debug|Any CPU.ActiveCfg = Debug|Win32
		{0D6BDB85-45C9-45F1-9CC4-E3D50BA17422}.Debug|x64.ActiveCfg = Debug|x64
		{0D6BDB85-45C9-45F1-9CC4-E3D50BA17422}.Debug|x64.Build.0 = Debug|x64
		{0D6BDB85-45C9-45F1-9CC4-E3D50BA17422}.Debug|x86.ActiveCfg = Debug|Win32
		{0D6BDB85-45C9-45F1-9CC4-E3D50BA17422}.Debug|x86.Build.0 = Debug|Win32
		{0D6BDB85-45C9-45F1-9CC4-E3D50BA17422}.Release|Any CPU.ActiveCfg = Release|Win32
		{0D6BDB85-45C9-45F1-9CC4-E3D50BA17422}.Release|x64.ActiveCfg = Release|x64
		{0D6BDB85-45C9-45F1-9CC4-E3D50BA17422}.Release|x64.Build.0 = Release|x64
		{0D6BDB85-45C9-45F1-9CC4-E3D50BA17422}.Release|x86.ActiveCfg = Release|Win32
		{0D6BDB85-45C9-45F1-9CC4-E3D50BA17422}.Release|x86.Build.0 = Release|Win32
		{5B0CC2D4-AA0B-4F2A-AB78-77F51DCE3392}.Debug|Any CPU.ActiveCfg = Debug|Win32
		{5B0CC2D4-AA0B-4F2A-AB78-77F51DCE3392}.Debug|x64.ActiveCfg = Debug|x64
		{5B0CC2D4-AA0B-4F2A-AB78-77F51DCE3392}.Debug|x64.Build.0 = Debug|x64
		{5B0CC2D4-AA0B-4F2A-AB78-77F51DCE3392}.Debug|x86.ActiveCfg = Debug|Win32
		{5B0CC2D4-AA0B-4F2A-AB78-77F51DCE3392}.Debug|x86.Build.0 = Debug|Win32
		{5B0CC2D4-AA0B-4F2A-AB78-77F51DCE3392}.Release|Any CPU.ActiveCfg = Release|Win32
		{5B0CC2D4-AA0B-4F2A-AB78-77F51DCE3392}.Release|x64.ActiveCfg = Release|x64
		{5B0CC2D4-AA0B-4F2A-AB78-77F51DCE3392}.Release|x64.Build.0 = Release|x64
		{5B0CC2D4-AA0B-4F2A-AB78-77F51DCE3392}.Release|x86.ActiveCfg = Release|Win32
		{5B0CC2D4-AA0B-4F2A-AB78-77F51DCE3392}.Release|x86.Build.0 = Release|Win32
		{B379E27E-F554-40E0-86D2-EE5D54BAB469}.Debug|Any CPU.ActiveCfg = Debug|Win32
		{B379E27E-F554-40E0-86D2-EE5D54BAB469}.Debug|x64.ActiveCfg = Debug|x64
		{B379E27E-F554-40E0-86D2-EE5D54BAB469}.Debug|x64.Build.0 = Debug|x64
		{B379E27E-F554-40E0-86D2-EE5D54BAB469}.Debug|x86.ActiveCfg = Debug|Win32
		{B379E27E-F554-40E0-86D2-EE5D54BAB469}.Debug|x86.Build.0 = Debug|Win32
		{B379E27E-F554-40E0-86D2-EE5D54BAB469}.Release|Any CPU.ActiveCfg = Release|Win32
		{B379E27E-F554-40E0-86D2-EE5D54BAB469}.Release|x64.ActiveCfg = Release|x64
		{B379E27E-F554-40E0-86D2-EE5D54BAB469}.Release|x64.Build.0 = Release|x64
		{B379E27E-F554-40E0-86D2-EE5D54BAB469}.Release|x86.ActiveCfg = Release|Win32
		{B379E27E-F554-40E0-86D2-EE5D54BAB469}.Release|x86.Build.0 = Release|Win32
		{F3C43BDE-442E-43BD-B280-666D5E493AFB}.Debug|Any CPU.ActiveCfg = Debug|Win32
		{F3C43BDE-442E-43BD-B280-666D5E493AFB}.Debug|x64.ActiveCfg = Debug|x64
		{F3C43BDE-442E-43BD-B280-666D5E493AFB}.Debug|x64.Build.0 = Debug|x64
		{F3C43BDE-442E-43BD-B280-666D5E493AFB}.Debug|x86.ActiveCfg = Debug|Win32
		{F3C43BDE-442E-43BD-B280-666D5E493AFB}.Debug|x86.Build.0 = Debug|Win32
		{F3C43BDE-442E-43BD-B280-666D5E493AFB}.Release|Any CPU.ActiveCfg = Release|Win32
		{F3C43BDE-442E-43BD-B280-666D5E493AFB}.Release|x64.ActiveCfg = Release|x64
		{F3C43BDE-442E-43BD-B280-666D5E493AFB}.Release|x64.Build.0 = Release|x64
		{F3C43BDE-442E-43BD-B280-666D5E493AFB}.Release|x86.ActiveCfg = Release|Win32
		{F3C43BDE-442E-43BD-B280-666D5E493AFB}.Release|x86.Build.0 = Release|Win32
		{6AB8D141-0123-4852-9F0E-93CD9AA98D56}.Debug|Any CPU.ActiveCfg = Debug|Win32
		{6AB8D141-0123-4852-9F0E-93CD9AA98D56}.Debug|x64.ActiveCfg = Debug|x64
		{6AB8D141-0123-4852-9F0E-93CD9AA98D56}.Debug|x64.Build.0 = Debug|x64
		{6AB8D141-0123-4852-9F0E-93CD9AA98D56}.Debug|x86.ActiveCfg = Debug|Win32
		{6AB8D141-0123-4852-9F0E-93CD9AA98D56}.Debug|x86.Build.0 = Debug|Win32
		{6AB8D141-0123-4852-9F0E-93CD9AA98D56}.Release|Any CPU.ActiveCfg = Release|Win32
		{6AB8D141-0123-4852-9F0E-93CD9AA98D56}.Release|x64.ActiveCfg = Release|x64
		{6AB8D141-0123-4852-9F0E-93CD9AA98D56}.Release|x64.Build.0 = Release|x64
		{6AB8D141-0123-4852-9F0E-93CD9AA98D56}.Release|x86.ActiveCfg = Release|Win32
		{6AB8D141-0123-4852-9F0E-93CD9AA98D56}.Release|x86.Build.0 = Release|Win32
		{29C3A598-807D-451A-B1F8-A97D12CC7E27}.Debug|Any CPU.ActiveCfg = Debug|Win32
		{29C3A598-807D-451A-B1F8-A97D12CC7E27}.Debug|x64.ActiveCfg = Debug|x64
		{29C3A598-807D-451A-B1F8-A97D12CC7E27}.Debug|x64.Build.0 = Debug|x64
		{29C3A598-807D-451A-B1F8-A97D12CC7E27}.Debug|x86.ActiveCfg = Debug|Win32
		{29C3A598-807D-451A-B1F8-A97D12CC7E27}.Debug|x86.Build.0 = Debug|Win32
		{29C3A598-807D-451A-B1F8-A97D12CC7E27}.Release|Any CPU.ActiveCfg = Release|Win32
		{29C3A598-807D-451A-B1F8-A97D12CC7E27}.Release|x64.ActiveCfg = Release|x64
		{29C3A598-807D-451A-B1F8-A97D12CC7E27}.Release|x64.Build.0 = Release|x64
		{29C3A598-807D-451A-B1F8-A97D12CC7E27}.Release|x86.ActiveCfg = Release|Win32
		{29C3A598-807D-451A-B1F8-A97D12CC7E27}.Release|x86.Build.0 = Release|Win32
		{1630DEB3-ED73-4295-AF41-27A3D5DB379B}.Debug|Any CPU.ActiveCfg = Debug|Win32
		{1630DEB3-ED73-4295-AF41-27A3D5DB379B}.Debug|x64.ActiveCfg = Debug|x64
		{1630DEB3-ED73-4295-AF41-27A3D5DB379B}.Debug|x64.Build.0 = Debug|x64
		{1630DEB3-ED73-4295-AF41-27A3D5DB379B}.Debug|x86.ActiveCfg = Debug|Win32
		{1630DEB3-ED73-4295-AF41-27A3D5DB379B}.Debug|x86.Build.0 = Debug|Win32
		{1630DEB3-ED73-4295-AF41-27A3D5DB379B}.Release|Any CPU.ActiveCfg = Release|Win32
		{1630DEB3-ED73-4295-AF41-27A3D5DB379B}.Release|x64.ActiveCfg = Release|x64
		{1630DEB3-ED73-4295-AF41-27A3D5DB379B}.Release|x64.Build.0 = Release|x64
		{1630DEB3-ED73-4295-AF41-27A3D5DB379B}.Release|x86.ActiveCfg = Release|Win32
		{1630DEB3-ED73-4295-AF41-27A3D5DB379B}.Release|x86.Build.0 = Release|Win32
		{4BD425AD-40F9-4F58-9AF4-1D5FE8C1B192}.Debug|Any CPU.ActiveCfg = Debug|Win32
		{4BD425AD-40F9-4F58-9AF4-1D5FE8C1B192}.Debug|x64.ActiveCfg = Debug|x64
		{4BD425AD-40F9-4F58-9AF4-1D5FE8C1B192}.Debug|x64.Build.0 = Debug|x64
		{4BD425AD-40F9-4F58-9AF4-1D5FE8C1B192}.Debug|x86.ActiveCfg = Debug|Win32
		{4BD425AD-40F9-4F58-9AF4-1D5FE8C1B192}.Debug|x86.Build.0 = Debug|Win32
		{4BD425AD-40F9-4F58-9AF4-1D5FE8C1B192}.Release|Any CPU.ActiveCfg = Release|Win32
		{4BD425AD-40F9-4F58-9AF4-1D5FE8C1B192}.Release|x64.ActiveCfg = Release|x64
		{4BD425AD-40F9-4F58-9AF4-1D5FE8C1B192}.Release|x64.Build.0 = Release|x64
		{4BD425AD-40F9-4F58-9AF4-1D5FE8C1B192}.Release|x86.ActiveCfg = Release|Win32
		{4BD425AD-40F9-4F58-9AF4-1D5FE8C1B192}.Release|x86.Build.0 = Release|Win32
		{A5749874-8A91-464A-814B-DE14626F1369}.Debug|Any CPU.ActiveCfg = Debug|Win32
		{A5749874-8A91-464A-814B-DE14626F1369}.Debug|x64.ActiveCfg = Debug|x64
		{A5749874-8A91-464A-814B-DE14626F1369}.Debug|x64.Build.0 = Debug|x64
		{A5749874-8A91-464A-814B-DE14626F1369}.Debug|x86.ActiveCfg = Debug|Win32
		{A5749874-8A91-464A-814B-DE14626F1369}.Debug|x86.Build.0 = Debug|Win32
		{A5749874-8A91-464A-814B-DE14626F1369}.Release|Any CPU.ActiveCfg = Release|Win32
		{A5749874-8A91-464A-814B-DE14626F1369}.Release|x64.ActiveCfg = Release|x64
		{A5749874-8A91-464A-814B-DE14626F1369}.Release|x64.Build.0 = Release|x64
		{A5749874-8A91-464A-814B-DE14626F1369}.Release|x86.ActiveCfg = Release|Win32
		{A5749874-8A91-464A-814B-DE14626F1369}.Release|x86.Build.0 = Release|Win32
		{E08146CA-3703-41E3-8071-DDBEC31ABA0C}.Debug|Any CPU.ActiveCfg = Debug|Win32
		{E08146CA-3703-41E3-8071-DDBEC31ABA0C}.Debug|x64.ActiveCfg = Debug|x64
		{E08146CA-3703-41E3-8071-DDBEC31ABA0C}.Debug|x64.Build.0 = Debug|x64
		{E08146CA-3703-41E3-8071-DDBEC31ABA0C}.Debug|x86.ActiveCfg = Debug|Win32
		{E08146CA-3703-41E3-8071-DDBEC31ABA0C}.Debug|x86.Build.0 = Debug|Win32
		{E08146CA-3703-41E3-8071-DDBEC31ABA0C}.Release|Any CPU.ActiveCfg = Release|Win32
		{E08146CA-3703-41E3-8071-DDBEC31ABA0C}.Release|x64.ActiveCfg = Release|x64
		{E08146CA-3703-41E3-8071-DDBEC31ABA0C}.Release|x64.Build.0 = Release|x64
		{E08146CA-3703-41E3-8071-DDBEC31ABA0C}.Release|x86.ActiveCfg = Release|Win32
		{E08146CA-3703-41E3-8071-DDBEC31ABA0C}.Release|x86.Build.0 = Release|Win32
		{9B69190F-26B6-4717-827A-762225E11A61}.Debug|Any CPU.ActiveCfg = Debug|Win32
		{9B69190F-26B6-4717-827A-762225E11A61}.Debug|x64.ActiveCfg = Debug|x64
		{9B69190F-26B6-4717-827A-762225E11A61}.Debug|x64.Build.0 = Debug|x64
		{9B69190F-26B6-4717-827A-762225E11A61}.Debug|x86.ActiveCfg = Debug|Win32
		{9B69190F-26B6-4717-827A-762225E11A61}.Debug|x86.Build.0 = Debug|Win32
		{9B69190F-26B6-4717-827A-762225E11A61}.Release|Any CPU.ActiveCfg = Release|Win32
		{9B69190F-26B6-4717-827A-762225E11A61}.Release|x64.ActiveCfg = Release|x64
		{9B69190F-26B6-4717-827A-762225E11A61}.Release|x64.Build.0 = Release|x64
		{9B69190F-26B6-4717-827A-762225E11A61}.Release|x86.ActiveCfg = Release|Win32
		{9B69190F-26B6-4717-827A-762225E11A61}.Release|x86.Build.0 = Release|Win32
		{1E8DAD2C-90EC-458A-9860-583C53BDA7E7}.Debug|Any CPU.ActiveCfg = Debug|Win32
		{1E8DAD2C-90EC-458A-9860-583C53BDA7E7}.Debug|x64.ActiveCfg = Debug|x64
		{1E8DAD2C-90EC-458A-9860-583C53BDA7E7}.Debug|x64.Build.0 = Debug|x64
		{1E8DAD2C-90EC-458A-9860-583C53BDA7E7}.Debug|x86.ActiveCfg = Debug|Win32
		{1E8DAD2C-90EC-458A-9860-583C53BDA7E7}.Debug|x86.Build.0 = Debug|Win32
		{1E8DAD2C-90EC-458A-9860-583C53BDA7E7}.Release|Any CPU.ActiveCfg = Release|Win32
		{1E8DAD2C-90EC-458A-9860-583C53BDA7E7}.Release|x64.ActiveCfg = Release|x64
		{1E8DAD2C-90EC-458A-9860-583C53BDA7E7}.Release|x64.Build.0 = Release|x64
		{1E8DAD2C-90EC-458A-9860-583C53BDA7E7}.Release|x86.ActiveCfg = Release|Win32
		{1E8DAD2C-90EC-458A-9860-583C53BDA7E7}.Release|x86.Build.0 = Release|Win32
		{CB5B3D89-4646-489D-A15E-7F23D2023C23}.Debug|Any CPU.ActiveCfg = Debug|Win32
		{CB5B3D89-4646-489D-A15E-7F23D2023C23}.Debug|x64.ActiveCfg = Debug|x64
		{CB5B3D89-4646-489D-A15E-7F23D2023C23}.Debug|x64.Build.0 = Debug|x64
		{CB5B3D89-4646-489D-A15E-7F23D2023C23}.Debug|x86.ActiveCfg = Debug|Win32
		{CB5B3D89-4646-489D-A15E-7F23D2023C23}.Debug|x86.Build.0 = Debug|Win32
		{CB5B3D89-4646-489D-A15E-7F23D2023C23}.Release|Any CPU.ActiveCfg = Release|Win32
		{CB5B3D89-4646-489D-A15E-7F23D2023C23}.Release|x64.ActiveCfg = Release|x64
		{CB5B3D89-4646-489D-A15E-7F23D2023C23}.Release|x64.Build.0 = Release|x64
		{CB5B3D89-4646-489D-A15E-7F23D2023C23}.Release|x86.ActiveCfg = Release|Win32
		{CB5B3D89-4646-489D-A15E-7F23D2023C23}.Release|x86.Build.0 = Release|Win32
		{7A9A17C8-AFBD-4209-8BCB-F6DE0B096804}.Debug|Any CPU.ActiveCfg = Debug|Win32
		{7A9A17C8-AFBD-4209-8BCB-F6DE0B096804}.Debug|x64.ActiveCfg = Debug|x64
		{7A9A17C8-AFBD-4209-8BCB-F6DE0B096804}.Debug|x64.Build.0 = Debug|x64
		{7A9A17C8-AFBD-4209-8BCB-F6DE0B096804}.Debug|x86.ActiveCfg = Debug|Win32
		{7A9A17C8-AFBD-4209-8BCB-F6DE0B096804}.Debug|x86.Build.0 = Debug|Win32
		{7A9A17C8-AFBD-4209-8BCB-F6DE0B096804}.Release|Any CPU.ActiveCfg = Release|Win32
		{7A9A17C8-AFBD-4209-8BCB-F6DE0B096804}.Release|x64.ActiveCfg = Release|x64
		{7A9A17C8-AFBD-4209-8BCB-F6DE0B096804}.Release|x64.Build.0 = Release|x64
		{7A9A17C8-AFBD-4209-8BCB-F6DE0B096804}.Release|x86.ActiveCfg = Release|Win32
		{7A9A17C8-AFBD-4209-8BCB-F6DE0B096804}.Release|x86.Build.0 = Release|Win32
		{2EA97B9E-7E24-495D-89E3-0E0631D55109}.Debug|Any CPU.ActiveCfg = Debug|Win32
		{2EA97B9E-7E24-495D-89E3-0E0631D55109}.Debug|x64.ActiveCfg = Debug|x64
		{2EA97B9E-7E24-495D-89E3-0E0631D55109}.Debug|x64.Build.0 = Debug|x64
		{2EA97B9E-7E24-495D-89E3-0E0631D55109}.Debug|x86.ActiveCfg = Debug|Win32
		{2EA97B9E-7E24-495D-89E3-0E0631D55109}.Debug|x86.Build.0 = Debug|Win32
		{2EA97B9E-7E24-495D-89E3-0E0631D55109}.Release|Any CPU.ActiveCfg = Release|Win32
		{2EA97B9E-7E24-495D-89E3-0E0631D55109}.Release|x64.ActiveCfg = Release|x64
		{2EA97B9E-7E24-495D-89E3-0E0631D55109}.Release|x64.Build.0 = Release|x64
		{2EA97B9E-7E24-495D-89E3-0E0631D55109}.Release|x86.ActiveCfg = Release|Win32
		{2EA97B9E-7E24-495D-89E3-0E0631D55109}.Release|x86.Build.0 = Release|Win32
		{815FA4E6-903B-4C4C-8B90-F5017C3B8565}.Debug|Any CPU.ActiveCfg = Debug|Win32
		{815FA4E6-903B-4C4C-8B90-F5017C3B8565}.Debug|x64.ActiveCfg = Debug|x64
		{815FA4E6-903B-4C4C-8B90-F5017C3B8565}.Debug|x64.Build.0 = Debug|x64
		{815FA4E6-903B-4C4C-8B90-F5017C3B8565}.Debug|x86.ActiveCfg = Debug|Win32
		{815FA4E6-903B-4C4C-8B90-F5017C3B8565}.Debug|x86.Build.0 = Debug|Win32
		{815FA4E6-903B-4C4C-8B90-F5017C3B8565}.Release|Any CPU.ActiveCfg = Release|Win32
		{815FA4E6-903B-4C4C-8B90-F5017C3B8565}.Release|x64.ActiveCfg = Release|x64
		{815FA4E6-903B-4C4C-8B90-F5017C3B8565}.Release|x64.Build.0 = Release|x64
		{815FA4E6-903B-4C4C-8B90-F5017C3B8565}.Release|x86.ActiveCfg = Release|Win32
		{815FA4E6-903B-4C4C-8B90-F5017C3B8565}.Release|x86.Build.0 = Release|Win32
		{9C2B9FA0-2788-46F9-825E-662C83A68F5F}.Debug|Any CPU.ActiveCfg = Debug|Win32
		{9C2B9FA0-2788-46F9-825E-662C83A68F5F}.Debug|x64.ActiveCfg = Debug|x64
		{9C2B9FA0-2788-46F9-825E-662C83A68F5F}.Debug|x64.Build.0 = Debug|x64
		{9C2B9FA0-2788-46F9-825E-662C83A68F5F}.Debug|x86.ActiveCfg = Debug|Win32
		{9C2B9FA0-2788-46F9-825E-662C83A68F5F}.Debug|x86.Build.0 = Debug|Win32
		{9C2B9FA0-2788-46F9-825E-662C83A68F5F}.Release|Any CPU.ActiveCfg = Release|Win32
		{9C2B9FA0-2788-46F9-825E-662C83A68F5F}.Release|x64.ActiveCfg = Release|x64
		{9C2B9FA0-2788-46F9-825E-662C83A68F5F}.Release|x64.Build.0 = Release|x64
		{9C2B9FA0-2788-46F9-825E-662C83A68F5F}.Release|x86.ActiveCfg = Release|Win32
		{9C2B9FA0-2788-46F9-825E-662C83A68F5F}.Release|x86.Build.0 = Release|Win32
		{C4837DE7-C6CA-452B-889E-1C502D952747}.Debug|Any CPU.ActiveCfg = Debug|Win32
		{C4837DE7-C6CA-452B-889E-1C502D952747}.Debug|x64.ActiveCfg = Debug|x64
		{C4837DE7-C6CA-452B-889E-1C502D952747}.Debug|x64.Build.0 = Debug|x64
		{C4837DE7-C6CA-452B-889E-1C502D952747}.Debug|x86.ActiveCfg = Debug|Win32
		{C4837DE7-C6CA-452B-889E-1C502D952747}.Debug|x86.Build.0 = Debug|Win32
		{C4837DE7-C6CA-452B-889E-1C502D952747}.Release|Any CPU.ActiveCfg = Release|Win32
		{C4837DE7-C6CA-452B-889E-1C502D952747}.Release|x64.ActiveCfg = Release|x64
		{C4837DE7-C6CA-452B-889E-1C502D952747}.Release|x64.Build.0 = Release|x64
		{C4837DE7-C6CA-452B-889E-1C502D952747}.Release|x86.ActiveCfg = Release|Win32
		{C4837DE7-C6CA-452B-889E-1C502D952747}.Release|x86.Build.0 = Release|Win32
		{BCA84CC0-E871-4D91-980F-A1498B6CF670}.Debug|Any CPU.ActiveCfg = Debug|Win32
		{BCA84CC0-E871-4D91-980F-A1498B6CF670}.Debug|x64.ActiveCfg = Debug|x64
		{BCA84CC0-E871-4D91-980F-A1498B6CF670}.Debug|x64.Build.0 = Debug|x64
		{BCA84CC0-E871-4D91-980F-A1498B6CF670}.Debug|x86.ActiveCfg = Debug|Win32
		{BCA84CC0-E871-4D91-980F-A1498B6CF670}.Debug|x86.Build.0 = Debug|Win32
		{BCA84CC0-E871-4D91-980F-A1498B6CF670}.Release|Any CPU.ActiveCfg = Release|Win32
		{BCA84CC0-E871-4D91-980F-A1498B6CF670}.Release|x64.ActiveCfg = Release|x64
		{BCA84CC0-E871-4D91-980F-A1498B6CF670}.Release|x64.Build.0 = Release|x64
		{BCA84CC0-E871-4D91-980F-A1498B6CF670}.Release|x86.ActiveCfg = Release|Win32
		{BCA84CC0-E871-4D91-980F-A1498B6CF670}.Release|x86.Build.0 = Release|Win32
		{0C63AEF5-9680-435B-A8B4-8634FA48B4D8}.Debug|Any CPU.ActiveCfg = Debug|Win32
		{0C63AEF5-9680-435B-A8B4-8634FA48B4D8}.Debug|x64.ActiveCfg = Debug|x64
		{0C63AEF5-9680-435B-A8B4-8634FA48B4D8}.Debug|x64.Build.0 = Debug|x64
		{0C63AEF5-9680-435B-A8B4-8634FA48B4D8}.Debug|x86.ActiveCfg = Debug|Win32
		{0C63AEF5-9680-435B-A8B4-8634FA48B4D8}.Debug|x86.Build.0 = Debug|Win32
		{0C63AEF5-9680-435B-A8B4-8634FA48B4D8}.Release|Any CPU.ActiveCfg = Release|Win32
		{0C63AEF5-9680-435B-A8B4-8634FA48B4D8}.Release|x64.ActiveCfg = Release|x64
		{0C63AEF5-9680-435B-A8B4-8634FA48B4D8}.Release|x64.Build.0 = Release|x64
		{0C63AEF5-9680-435B-A8B4-8634FA48B4D8}.Release|x86.ActiveCfg = Release|Win32
		{0C63AEF5-9680-435B-A8B4-8634FA48B4D8}.Release|x86.Build.0 = Release|Win32
		{5B738CAC-3920-4A6F-AF4B-DFE3C04D91E8}.Debug|Any CPU.ActiveCfg = Debug|Win32
		{5B738CAC-3920-4A6F-AF4B-DFE3C04D91E8}.Debug|x64.ActiveCfg = Debug|x64
		{5B738CAC-3920-4A6F-AF4B-DFE3C04D91E8}.Debug|x64.Build.0 = Debug|x64
		{5B738CAC-3920-4A6F-AF4B-DFE3C04D91E8}.Debug|x86.ActiveCfg = Debug|Win32
		{5B738CAC-3920-4A6F-AF4B-DFE3C04D91E8}.Debug|x86.Build.0 = Debug|Win32
		{5B738CAC-3920-4A6F-AF4B-DFE3C04D91E8}.Release|Any CPU.ActiveCfg = Release|Win32
		{5B738CAC-3920-4A6F-AF4B-DFE3C04D91E8}.Release|x64.ActiveCfg = Release|x64
		{5B738CAC-3920-4A6F-AF4B-DFE3C04D91E8}.Release|x64.Build.0 = Release|x64
		{5B738CAC-3920-4A6F-AF4B-DFE3C04D91E8}.Release|x86.ActiveCfg = Release|Win32
		{5B738CAC-3920-4A6F-AF4B-DFE3C04D91E8}.Release|x86.Build.0 = Release|Win32
		{7AA83517-D0E7-4A6A-994A-4F8CBC21656B}.Debug|Any CPU.ActiveCfg = Debug|Win32
		{7AA83517-D0E7-4A6A-994A-4F8CBC21656B}.Debug|x64.ActiveCfg = Debug|x64
		{7AA83517-D0E7-4A6A-994A-4F8CBC21656B}.Debug|x64.Build.0 = Debug|x64
		{7AA83517-D0E7-4A6A-994A-4F8CBC21656B}.Debug|x86.ActiveCfg = Debug|Win32
		{7AA83517-D0E7-4A6A-994A-4F8CBC21656B}.Debug|x86.Build.0 = Debug|Win32
		{7AA83517-D0E7-4A6A-994A-4F8CBC21656B}.Release|Any CPU.ActiveCfg = Release|Win32
		{7AA83517-D0E7-4A6A-994A-4F8CBC21656B}.Release|x64.ActiveCfg = Release|x64
		{7AA83517-D0E7-4A6A-994A-4F8CBC21656B}.Release|x64.Build.0 = Release|x64
		{7AA83517-D0E7-4A6A-994A-4F8CBC21656B}.Release|x86.ActiveCfg = Release|Win32
		{7AA83517-D0E7-4A6A-994A-4F8CBC21656B}.Release|x86.Build.0 = Release|Win32
		{9393B644-6239-4B32-9640-4930958AC2E9}.Debug|Any CPU.ActiveCfg = Debug|Win32
		{9393B644-6239-4B32-9640-4930958AC2E9}.Debug|x64.ActiveCfg = Debug|x64
		{9393B644-6239-4B32-9640-4930958AC2E9}.Debug|x64.Build.0 = Debug|x64
		{9393B644-6239-4B32-9640-4930958AC2E9}.Debug|x86.ActiveCfg = Debug|Win32
		{9393B644-6239-4B32-9640-4930958AC2E9}.Debug|x86.Build.0 = Debug|Win32
		{9393B644-6239-4B32-9640-4930958AC2E9}.Release|Any CPU.ActiveCfg = Release|Win32
		{9393B644-6239-4B32-9640-4930958AC2E9}.Release|x64.ActiveCfg = Release|x64
		{9393B644-6239-4B32-9640-4930958AC2E9}.Release|x64.Build.0 = Release|x64
		{9393B644-6239-4B32-9640-4930958AC2E9}.Release|x86.ActiveCfg = Release|Win32
		{9393B644-6239-4B32-9640-4930958AC2E9}.Release|x86.Build.0 = Release|Win32
		{C30FA779-0DE3-4DB4-A667-03562F57D6FE}.Debug|Any CPU.ActiveCfg = Debug|Win32
		{C30FA779-0DE3-4DB4-A667-03562F57D6FE}.Debug|x64.ActiveCfg = Debug|x64
		{C30FA779-0DE3-4DB4-A667-03562F57D6FE}.Debug|x64.Build.0 = Debug|x64
		{C30FA779-0DE3-4DB4-A667-03562F57D6FE}.Debug|x86.ActiveCfg = Debug|Win32
		{C30FA779-0DE3-4DB4-A667-03562F57D6FE}.Debug|x86.Build.0 = Debug|Win32
		{C30FA779-0DE3-4DB4-A667-03562F57D6FE}.Release|Any CPU.ActiveCfg = Release|Win32
		{C30FA779-0DE3-4DB4-A667-03562F57D6FE}.Release|x64.ActiveCfg = Release|x64
		{C30FA779-0DE3-4DB4-A667-03562F57D6FE}.Release|x64.Build.0 = Release|x64
		{C30FA779-0DE3-4DB4-A667-03562F57D6FE}.Release|x86.ActiveCfg = Release|Win32
		{C30FA779-0DE3-4DB4-A667-03562F57D6FE}.Release|x86.Build.0 = Release|Win32
		{5EDEE19B-DDB8-4C94-ABCC-E277E74BCC04}.Debug|Any CPU.ActiveCfg = Debug|Win32
		{5EDEE19B-DDB8-4C94-ABCC-E277E74BCC04}.Debug|x64.ActiveCfg = Debug|x64
		{5EDEE19B-DDB8-4C94-ABCC-E277E74BCC04}.Debug|x64.Build.0 = Debug|x64
		{5EDEE19B-DDB8-4C94-ABCC-E277E74BCC04}.Debug|x86.ActiveCfg = Debug|Win32
		{5EDEE19B-DDB8-4C94-ABCC-E277E74BCC04}.Debug|x86.Build.0 = Debug|Win32
		{5EDEE19B-DDB8-4C94-ABCC-E277E74BCC04}.Release|Any CPU.ActiveCfg = Release|Win32
		{5EDEE19B-DDB8-4C94-ABCC-E277E74BCC04}.Release|x64.ActiveCfg = Release|x64
		{5EDEE19B-DDB8-4C94-ABCC-E277E74BCC04}.Release|x64.Build.0 = Release|x64
		{5EDEE19B-DDB8-4C94-ABCC-E277E74BCC04}.Release|x86.ActiveCfg = Release|Win32
		{5EDEE19B-DDB8-4C94-ABCC-E277E74BCC04}.Release|x86.Build.0 = Release|Win32
		{D99CE480-2355-4A28-A2A0-E5748667D912}.Debug|Any CPU.ActiveCfg = Debug|Win32
		{D99CE480-2355-4A28-A2A0-E5748667D912}.Debug|x64.ActiveCfg = Debug|x64
		{D99CE480-2355-4A28-A2A0-E5748667D912}.Debug|x64.Build.0 = Debug|x64
		{D99CE480-2355-4A28-A2A0-E5748667D912}.Debug|x86.ActiveCfg = Debug|Win32
		{D99CE480-2355-4A28-A2A0-E5748667D912}.Debug|x86.Build.0 = Debug|Win32
		{D99CE480-2355-4A28-A2A0-E5748667D912}.Release|Any CPU.ActiveCfg = Release|Win32
		{D99CE480-2355-4A28-A2A0-E5748667D912}.Release|x64.ActiveCfg = Release|x64
		{D99CE480-2355-4A28-A2A0-E5748667D912}.Release|x64.Build.0 = Release|x64
		{D99CE480-2355-4A28-A2A0-E5748667D912}.Release|x86.ActiveCfg = Release|Win32
		{D99CE480-2355-4A28-A2A0-E5748667D912}.Release|x86.Build.0 = Release|Win32
		{E2203ADF-49F9-4F89-BE30-9C5E71B29955}.Debug|Any CPU.ActiveCfg = Debug|Win32
		{E2203ADF-49F9-4F89-BE30-9C5E71B29955}.Debug|x64.ActiveCfg = Debug|x64
		{E2203ADF-49F9-4F89-BE30-9C5E71B29955}.Debug|x64.Build.0 = Debug|x64
		{E2203ADF-49F9-4F89-BE30-9C5E71B29955}.Debug|x86.ActiveCfg = Debug|Win32
		{E2203ADF-49F9-4F89-BE30-9C5E71B29955}.Debug|x86.Build.0 = Debug|Win32
		{E2203ADF-49F9-4F89-BE30-9C5E71B29955}.Release|Any CPU.ActiveCfg = Release|Win32
		{E2203ADF-49F9-4F89-BE30-9C5E71B29955}.Release|x64.ActiveCfg = Release|x64
		{E2203ADF-49F9-4F89-BE30-9C5E71B29955}.Release|x64.Build.0 = Release|x64
		{E2203ADF-49F9-4F89-BE30-9C5E71B29955}.Release|x86.ActiveCfg = Release|Win32
		{E2203ADF-49F9-4F89-BE30-9C5E71B29955}.Release|x86.Build.0 = Release|Win32
		{727EA960-EE82-4B62-A112-702D9D41610E}.Debug|Any CPU.ActiveCfg = Debug|Win32
		{727EA960-EE82-4B62-A112-702D9D41610E}.Debug|x64.ActiveCfg = Debug|x64
		{727EA960-EE82-4B62-A112-702D9D41610E}.Debug|x64.Build.0 = Debug|x64
		{727EA960-EE82-4B62-A112-702D9D41610E}.Debug|x86.ActiveCfg = Debug|Win32
		{727EA960-EE82-4B62-A112-702D9D41610E}.Debug|x86.Build.0 = Debug|Win32
		{727EA960-EE82-4B62-A112-702D9D41610E}.Release|Any CPU.ActiveCfg = Release|Win32
		{727EA960-EE82-4B62-A112-702D9D41610E}.Release|x64.ActiveCfg = Release|x64
		{727EA960-EE82-4B62-A112-702D9D41610E}.Release|x64.Build.0 = Release|x64
		{727EA960-EE82-4B62-A112-702D9D41610E}.Release|x86.ActiveCfg = Release|Win32
		{727EA960-EE82-4B62-A112-702D9D41610E}.Release|x86.Build.0 = Release|Win32
		{6E142506-EE69-4864-8E49-F59A7F51A69D}.Debug|Any CPU.ActiveCfg = Debug|Win32
		{6E142506-EE69-4864-8E49-F59A7F51A69D}.Debug|x64.ActiveCfg = Debug|x64
		{6E142506-EE69-4864-8E49-F59A7F51A69D}.Debug|x64.Build.0 = Debug|x64
		{6E142506-EE69-4864-8E49-F59A7F51A69D}.Debug|x86.ActiveCfg = Debug|Win32
		{6E142506-EE69-4864-8E49-F59A7F51A69D}.Debug|x86.Build.0 = Debug|Win32
		{6E142506-EE69-4864-8E49-F59A7F51A69D}.Release|Any CPU.ActiveCfg = Release|Win32
		{6E142506-EE69-4864-8E49-F59A7F51A69D}.Release|x64.ActiveCfg = Release|x64
		{6E142506-EE69-4864-8E49-F59A7F51A69D}.Release|x64.Build.0 = Release|x64
		{6E142506-EE69-4864-8E49-F59A7F51A69D}.Release|x86.ActiveCfg = Release|Win32
		{6E142506-EE69-4864-8E49-F59A7F51A69D}.Release|x86.Build.0 = Release|Win32
		{8A862DA7-6935-4B28-990E-C655D46D6A7D}.Debug|Any CPU.ActiveCfg = Debug|Win32
		{8A862DA7-6935-4B28-990E-C655D46D6A7D}.Debug|x64.ActiveCfg = Debug|x64
		{8A862DA7-6935-4B28-990E-C655D46D6A7D}.Debug|x64.Build.0 = Debug|x64
		{8A862DA7-6935-4B28-990E-C655D46D6A7D}.Debug|x86.ActiveCfg = Debug|Win32
		{8A862DA7-6935-4B28-990E-C655D46D6A7D}.Debug|x86.Build.0 = Debug|Win32
		{8A862DA7-6935-4B28-990E-C655D46D6A7D}.Release|Any CPU.ActiveCfg = Release|Win32
		{8A862DA7-6935-4B28-990E-C655D46D6A7D}.Release|x64.ActiveCfg = Release|x64
		{8A862DA7-6935-4B28-990E-C655D46D6A7D}.Release|x64.Build.0 = Release|x64
		{8A862DA7-6935-4B28-990E-C655D46D6A7D}.Release|x86.ActiveCfg = Release|Win32
		{8A862DA7-6935-4B28-990E-C655D46D6A7D}.Release|x86.Build.0 = Release|Win32
		{ED07865F-FBDF-4128-91DE-84812A95C126}.Debug|Any CPU.ActiveCfg = Debug|Win32
		{ED07865F-FBDF-4128-91DE-84812A95C126}.Debug|x64.ActiveCfg = Debug|x64
		{ED07865F-FBDF-4128-91DE-84812A95C126}.Debug|x64.Build.0 = Debug|x64
		{ED07865F-FBDF-4128-91DE-84812A95C126}.Debug|x86.ActiveCfg = Debug|Win32
		{ED07865F-FBDF-4128-91DE-84812A95C126}.Debug|x86.Build.0 = Debug|Win32
		{ED07865F-FBDF-4128-91DE-84812A95C126}.Release|Any CPU.ActiveCfg = Release|Win32
		{ED07865F-FBDF-4128-91DE-84812A95C126}.Release|x64.ActiveCfg = Release|x64
		{ED07865F-FBDF-4128-91DE-84812A95C126}.Release|x64.Build.0 = Release|x64
		{ED07865F-FBDF-4128-91DE-84812A95C126}.Release|x86.ActiveCfg = Release|Win32
		{ED07865F-FBDF-4128-91DE-84812A95C126}.Release|x86.Build.0 = Release|Win32
		{37AF19FF-204F-4731-B28C-1E2F82465D35}.Debug|Any CPU.ActiveCfg = Debug|Win32
		{37AF19FF-204F-4731-B28C-1E2F82465D35}.Debug|x64.ActiveCfg = Debug|x64
		{37AF19FF-204F-4731-B28C-1E2F82465D35}.Debug|x64.Build.0 = Debug|x64
		{37AF19FF-204F-4731-B28C-1E2F82465D35}.Debug|x86.ActiveCfg = Debug|Win32
		{37AF19FF-204F-4731-B28C-1E2F82465D35}.Debug|x86.Build.0 = Debug|Win32
		{37AF19FF-204F-4731-B28C-1E2F82465D35}.Release|Any CPU.ActiveCfg = Release|Win32
		{37AF19FF-204F-4731-B28C-1E2F82465D35}.Release|x64.ActiveCfg = Release|x64
		{37AF19FF-204F-4731-B28C-1E2F82465D35}.Release|x64.Build.0 = Release|x64
		{37AF19FF-204F-4731-B28C-1E2F82465D35}.Release|x86.ActiveCfg = Release|Win32
		{37AF19FF-204F-4731-B28C-1E2F82465D35}.Release|x86.Build.0 = Release|Win32
		{B4EFF162-957F-495E-8143-FEB7C85F45A7}.Debug|Any CPU.ActiveCfg = Debug|Win32
		{B4EFF162-957F-495E-8143-FEB7C85F45A7}.Debug|x64.ActiveCfg = Debug|x64
		{B4EFF162-957F-495E-8143-FEB7C85F45A7}.Debug|x64.Build.0 = Debug|x64
		{B4EFF162-957F-495E-8143-FEB7C85F45A7}.Debug|x86.ActiveCfg = Debug|Win32
		{B4EFF162-957F-495E-8143-FEB7C85F45A7}.Debug|x86.Build.0 = Debug|Win32
		{B4EFF162-957F-495E-8143-FEB7C85F45A7}.Release|Any CPU.ActiveCfg = Release|Win32
		{B4EFF162-957F-495E-8143-FEB7C85F45A7}.Release|x64.ActiveCfg = Release|x64
		{B4EFF162-957F-495E-8143-FEB7C85F45A7}.Release|x64.Build.0 = Release|x64
		{B4EFF162-957F-495E-8143-FEB7C85F45A7}.Release|x86.ActiveCfg = Release|Win32
		{B4EFF162-957F-495E-8143-FEB7C85F45A7}.Release|x86.Build.0 = Release|Win32
		{DF076143-23A3-4B1D-8879-69DFBACC9413}.Debug|Any CPU.ActiveCfg = Debug|Win32
		{DF076143-23A3-4B1D-8879-69DFBACC9413}.Debug|x64.ActiveCfg = Debug|x64
		{DF076143-23A3-4B1D-8879-69DFBACC9413}.Debug|x64.Build.0 = Debug|x64
		{DF076143-23A3-4B1D-8879-69DFBACC9413}.Debug|x86.ActiveCfg = Debug|Win32
		{DF076143-23A3-4B1D-8879-69DFBACC9413}.Debug|x86.Build.0 = Debug|Win32
		{DF076143-23A3-4B1D-8879-69DFBACC9413}.Release|Any CPU.ActiveCfg = Release|Win32
		{DF076143-23A3-4B1D-8879-69DFBACC9413}.Release|x64.ActiveCfg = Release|x64
		{DF076143-23A3-4B1D-8879-69DFBACC9413}.Release|x64.Build.0 = Release|x64
		{DF076143-23A3-4B1D-8879-69DFBACC9413}.Release|x86.ActiveCfg = Release|Win32
		{DF076143-23A3-4B1D-8879-69DFBACC9413}.Release|x86.Build.0 = Release|Win32
		{7746DCFB-DF88-427E-87C7-DCC4D62D832F}.Debug|Any CPU.ActiveCfg = Debug|Win32
		{7746DCFB-DF88-427E-87C7-DCC4D62D832F}.Debug|x64.ActiveCfg = Debug|x64
		{7746DCFB-DF88-427E-87C7-DCC4D62D832F}.Debug|x64.Build.0 = Debug|x64
		{7746DCFB-DF88-427E-87C7-DCC4D62D832F}.Debug|x86.ActiveCfg = Debug|Win32
		{7746DCFB-DF88-427E-87C7-DCC4D62D832F}.Debug|x86.Build.0 = Debug|Win32
		{7746DCFB-DF88-427E-87C7-DCC4D62D832F}.Release|Any CPU.ActiveCfg = Release|Win32
		{7746DCFB-DF88-427E-87C7-DCC4D62D832F}.Release|x64.ActiveCfg = Release|x64
		{7746DCFB-DF88-427E-87C7-DCC4D62D832F}.Release|x64.Build.0 = Release|x64
		{7746DCFB-DF88-427E-87C7-DCC4D62D832F}.Release|x86.ActiveCfg = Release|Win32
		{7746DCFB-DF88-427E-87C7-DCC4D62D832F}.Release|x86.Build.0 = Release|Win32
		{5B8BE01C-2A02-4A1F-9CBF-6FF9E00B6A8D}.Debug|Any CPU.ActiveCfg = Debug|Win32
		{5B8BE01C-2A02-4A1F-9CBF-6FF9E00B6A8D}.Debug|x64.ActiveCfg = Debug|x64
		{5B8BE01C-2A02-4A1F-9CBF-6FF9E00B6A8D}.Debug|x64.Build.0 = Debug|x64
		{5B8BE01C-2A02-4A1F-9CBF-6FF9E00B6A8D}.Debug|x86.ActiveCfg = Debug|Win32
		{5B8BE01C-2A02-4A1F-9CBF-6FF9E00B6A8D}.Debug|x86.Build.0 = Debug|Win32
		{5B8BE01C-2A02-4A1F-9CBF-6FF9E00B6A8D}.Release|Any CPU.ActiveCfg = Release|Win32
		{5B8BE01C-2A02-4A1F-9CBF-6FF9E00B6A8D}.Release|x64.ActiveCfg = Release|x64
		{5B8BE01C-2A02-4A1F-9CBF-6FF9E00B6A8D}.Release|x64.Build.0 = Release|x64
		{5B8BE01C-2A02-4A1F-9CBF-6FF9E00B6A8D}.Release|x86.ActiveCfg = Release|Win32
		{5B8BE01C-2A02-4A1F-9CBF-6FF9E00B6A8D}.Release|x86.Build.0 = Release|Win32
		{52201B73-B75A-4175-A38E-A5D467B33D86}.Debug|Any CPU.ActiveCfg = Debug|Win32
		{52201B73-B75A-4175-A38E-A5D467B33D86}.Debug|x64.ActiveCfg = Debug|x64
		{52201B73-B75A-4175-A38E-A5D467B33D86}.Debug|x64.Build.0 = Debug|x64
		{52201B73-B75A-4175-A38E-A5D467B33D86}.Debug|x86.ActiveCfg = Debug|Win32
		{52201B73-B75A-4175-A38E-A5D467B33D86}.Debug|x86.Build.0 = Debug|Win32
		{52201B73-B75A-4175-A38E-A5D467B33D86}.Release|Any CPU.ActiveCfg = Release|Win32
		{52201B73-B75A-4175-A38E-A5D467B33D86}.Release|x64.ActiveCfg = Release|x64
		{52201B73-B75A-4175-A38E-A5D467B33D86}.Release|x64.Build.0 = Release|x64
		{52201B73-B75A-4175-A38E-A5D467B33D86}.Release|x86.ActiveCfg = Release|Win32
		{52201B73-B75A-4175-A38E-A5D467B33D86}.Release|x86.Build.0 = Release|Win32
		{7F2EF54A-2D88-45A8-A3C3-3FDFF2DA7869}.Debug|Any CPU.ActiveCfg = Debug|Win32
		{7F2EF54A-2D88-45A8-A3C3-3FDFF2DA7869}.Debug|x64.ActiveCfg = Debug|x64
		{7F2EF54A-2D88-45A8-A3C3-3FDFF2DA7869}.Debug|x64.Build.0 = Debug|x64
		{7F2EF54A-2D88-45A8-A3C3-3FDFF2DA7869}.Debug|x86.ActiveCfg = Debug|Win32
		{7F2EF54A-2D88-45A8-A3C3-3FDFF2DA7869}.Debug|x86.Build.0 = Debug|Win32
		{7F2EF54A-2D88-45A8-A3C3-3FDFF2DA7869}.Release|Any CPU.ActiveCfg = Release|Win32
		{7F2EF54A-2D88-45A8-A3C3-3FDFF2DA7869}.Release|x64.ActiveCfg = Release|x64
		{7F2EF54A-2D88-45A8-A3C3-3FDFF2DA7869}.Release|x64.Build.0 = Release|x64
		{7F2EF54A-2D88-45A8-A3C3-3FDFF2DA7869}.Release|x86.ActiveCfg = Release|Win32
		{7F2EF54A-2D88-45A8-A3C3-3FDFF2DA7869}.Release|x86.Build.0 = Release|Win32
		{B4ACAEEA-A615-4F45-8442-CC7D79FDB19B}.Debug|Any CPU.ActiveCfg = Debug|Win32
		{B4ACAEEA-A615-4F45-8442-CC7D79FDB19B}.Debug|x64.ActiveCfg = Debug|x64
		{B4ACAEEA-A615-4F45-8442-CC7D79FDB19B}.Debug|x64.Build.0 = Debug|x64
		{B4ACAEEA-A615-4F45-8442-CC7D79FDB19B}.Debug|x86.ActiveCfg = Debug|Win32
		{B4ACAEEA-A615-4F45-8442-CC7D79FDB19B}.Debug|x86.Build.0 = Debug|Win32
		{B4ACAEEA-A615-4F45-8442-CC7D79FDB19B}.Release|Any CPU.ActiveCfg = Release|Win32
		{B4ACAEEA-A615-4F45-8442-CC7D79FDB19B}.Release|x64.ActiveCfg = Release|x64
		{B4ACAEEA-A615-4F45-8442-CC7D79FDB19B}.Release|x64.Build.0 = Release|x64
		{B4ACAEEA-A615-4F45-8442-CC7D79FDB19B}.Release|x86.ActiveCfg = Release|Win32
		{B4ACAEEA-A615-4F45-8442-CC7D79FDB19B}.Release|x86.Build.0 = Release|Win32
		{9F386F98-6D76-4727-B53C-D872B7FBA962}.Debug|Any CPU.ActiveCfg = Debug|Win32
		{9F386F98-6D76-4727-B53C-D872B7FBA962}.Debug|x64.ActiveCfg = Debug|x64
		{9F386F98-6D76-4727-B53C-D872B7FBA962}.Debug|x64.Build.0 = Debug|x64
		{9F386F98-6D76-4727-B53C-D872B7FBA962}.Debug|x86.ActiveCfg = Debug|Win32
		{9F386F98-6D76-4727-B53C-D872B7FBA962}.Debug|x86.Build.0 = Debug|Win32
		{9F386F98-6D76-4727-B53C-D872B7FBA962}.Release|Any CPU.ActiveCfg = Release|Win32
		{9F386F98-6D76-4727-B53C-D872B7FBA962}.Release|x64.ActiveCfg = Release|x64
		{9F386F98-6D76-4727-B53C-D872B7FBA962}.Release|x64.Build.0 = Release|x64
		{9F386F98-6D76-4727-B53C-D872B7FBA962}.Release|x86.ActiveCfg = Release|Win32
		{9F386F98-6D76-4727-B53C-D872B7FBA962}.Release|x86.Build.0 = Release|Win32
		{8A5E7643-5FD0-4AA6-A67F-0B728B2D494F}.Debug|Any CPU.ActiveCfg = Debug|Win32
		{8A5E7643-5FD0-4AA6-A67F-0B728B2D494F}.Debug|x64.ActiveCfg = Debug|x64
		{8A5E7643-5FD0-4AA6-A67F-0B728B2D494F}.Debug|x64.Build.0 = Debug|x64
		{8A5E7643-5FD0-4AA6-A67F-0B728B2D494F}.Debug|x86.ActiveCfg = Debug|Win32
		{8A5E7643-5FD0-4AA6-A67F-0B728B2D494F}.Debug|x86.Build.0 = Debug|Win32
		{8A5E7643-5FD0-4AA6-A67F-0B728B2D494F}.Release|Any CPU.ActiveCfg = Release|Win32
		{8A5E7643-5FD0-4AA6-A67F-0B728B2D494F}.Release|x64.ActiveCfg = Release|x64
		{8A5E7643-5FD0-4AA6-A67F-0B728B2D494F}.Release|x64.Build.0 = Release|x64
		{8A5E7643-5FD0-4AA6-A67F-0B728B2D494F}.Release|x86.ActiveCfg = Release|Win32
		{8A5E7643-5FD0-4AA6-A67F-0B728B2D494F}.Release|x86.Build.0 = Release|Win32
		{FA6BE952-31EF-4C9E-AE47-CCCB045DEE33}.Debug|Any CPU.ActiveCfg = Debug|Win32
		{FA6BE952-31EF-4C9E-AE47-CCCB045DEE33}.Debug|x64.ActiveCfg = Debug|x64
		{FA6BE952-31EF-4C9E-AE47-CCCB045DEE33}.Debug|x64.Build.0 = Debug|x64
		{FA6BE952-31EF-4C9E-AE47-CCCB045DEE33}.Debug|x86.ActiveCfg = Debug|Win32
		{FA6BE952-31EF-4C9E-AE47-CCCB045DEE33}.Debug|x86.Build.0 = Debug|Win32
		{FA6BE952-31EF-4C9E-AE47-CCCB045DEE33}.Release|Any CPU.ActiveCfg = Release|Win32
		{FA6BE952-31EF-4C9E-AE47-CCCB045DEE33}.Release|x64.ActiveCfg = Release|x64
		{FA6BE952-31EF-4C9E-AE47-CCCB045DEE33}.Release|x64.Build.0 = Release|x64
		{FA6BE952-31EF-4C9E-AE47-CCCB045DEE33}.Release|x86.ActiveCfg = Release|Win32
		{FA6BE952-31EF-4C9E-AE47-CCCB045DEE33}.Release|x86.Build.0 = Release|Win32
		{62AB5480-3600-4500-BC52-8EA3C80E6DE8}.Debug|Any CPU.ActiveCfg = Debug|Win32
		{62AB5480-3600-4500-BC52-8EA3C80E6DE8}.Debug|x64.ActiveCfg = Debug|x64
		{62AB5480-3600-4500-BC52-8EA3C80E6DE8}.Debug|x64.Build.0 = Debug|x64
		{62AB5480-3600-4500-BC52-8EA3C80E6DE8}.Debug|x86.ActiveCfg = Debug|Win32
		{62AB5480-3600-4500-BC52-8EA3C80E6DE8}.Debug|x86.Build.0 = Debug|Win32
		{62AB5480-3600-4500-BC52-8EA3C80E6DE8}.Release|Any CPU.ActiveCfg = Release|Win32
		{62AB5480-3600-4500-BC52-8EA3C80E6DE8}.Release|x64.ActiveCfg = Release|x64
		{62AB5480-3600-4500-BC52-8EA3C80E6DE8}.Release|x64.Build.0 = Release|x64
		{62AB5480-3600-4500-BC52-8EA3C80E6DE8}.Release|x86.ActiveCfg = Release|Win32
		{62AB5480-3600-4500-BC52-8EA3C80E6DE8}.Release|x86.Build.0 = Release|Win32
		{C168D751-E310-4F37-A53A-3D1BCD7103F9}.Debug|Any CPU.ActiveCfg = Debug|Win32
		{C168D751-E310-4F37-A53A-3D1BCD7103F9}.Debug|x64.ActiveCfg = Debug|x64
		{C168D751-E310-4F37-A53A-3D1BCD7103F9}.Debug|x64.Build.0 = Debug|x64
		{C168D751-E310-4F37-A53A-3D1BCD7103F9}.Debug|x86.ActiveCfg = Debug|Win32
		{C168D751-E310-4F37-A53A-3D1BCD7103F9}.Debug|x86.Build.0 = Debug|Win32
		{C168D751-E310-4F37-A53A-3D1BCD7103F9}.Release|Any CPU.ActiveCfg = Release|Win32
		{C168D751-E310-4F37-A53A-3D1BCD7103F9}.Release|x64.ActiveCfg = Release|x64
		{C168D751-E310-4F37-A53A-3D1BCD7103F9}.Release|x64.Build.0 = Release|x64
		{C168D751-E310-4F37-A53A-3D1BCD7103F9}.Release|x86.ActiveCfg = Release|Win32
		{C168D751-E310-4F37-A53A-3D1BCD7103F9}.Release|x86.Build.0 = Release|Win32
		{C87F4FE5-67A3-45FB-A0DC-0ECC87E35D29}.Debug|Any CPU.ActiveCfg = Debug|Win32
		{C87F4FE5-67A3-45FB-A0DC-0ECC87E35D29}.Debug|x64.ActiveCfg = Debug|x64
		{C87F4FE5-67A3-45FB-A0DC-0ECC87E35D29}.Debug|x64.Build.0 = Debug|x64
		{C87F4FE5-67A3-45FB-A0DC-0ECC87E35D29}.Debug|x86.ActiveCfg = Debug|Win32
		{C87F4FE5-67A3-45FB-A0DC-0ECC87E35D29}.Debug|x86.Build.0 = Debug|Win32
		{C87F4FE5-67A3-45FB-A0DC-0ECC87E35D29}.Release|Any CPU.ActiveCfg = Release|Win32
		{C87F4FE5-67A3-45FB-A0DC-0ECC87E35D29}.Release|x64.ActiveCfg = Release|x64
		{C87F4FE5-67A3-45FB-A0DC-0ECC87E35D29}.Release|x64.Build.0 = Release|x64
		{C87F4FE5-67A3-45FB-A0DC-0ECC87E35D29}.Release|x86.ActiveCfg = Release|Win32
		{C87F4FE5-67A3-45FB-A0DC-0ECC87E35D29}.Release|x86.Build.0 = Release|Win32
		{FC4B19BE-27D2-4A7E-A261-55ED62E498AC}.Debug|Any CPU.ActiveCfg = Debug|Win32
		{FC4B19BE-27D2-4A7E-A261-55ED62E498AC}.Debug|x64.ActiveCfg = Debug|x64
		{FC4B19BE-27D2-4A7E-A261-55ED62E498AC}.Debug|x64.Build.0 = Debug|x64
		{FC4B19BE-27D2-4A7E-A261-55ED62E498AC}.Debug|x86.ActiveCfg = Debug|Win32
		{FC4B19BE-27D2-4A7E-A261-55ED62E498AC}.Debug|x86.Build.0 = Debug|Win32
		{FC4B19BE-27D2-4A7E-A261-55ED62E498AC}.Release|Any CPU.ActiveCfg = Release|Win32
		{FC4B19BE-27D2-4A7E-A261-55ED62E498AC}.Release|x64.ActiveCfg = Release|x64
		{FC4B19BE-27D2-4A7E-A261-55ED62E498AC}.Release|x64.Build.0 = Release|x64
		{FC4B19BE-27D2-4A7E-A261-55ED62E498AC}.Release|x86.ActiveCfg = Release|Win32
		{FC4B19BE-27D2-4A7E-A261-55ED62E498AC}.Release|x86.Build.0 = Release|Win32
		{34B2A567-0722-4E9D-A5A4-974C365DC686}.Debug|Any CPU.ActiveCfg = Debug|Win32
		{34B2A567-0722-4E9D-A5A4-974C365DC686}.Debug|x64.ActiveCfg = Debug|x64
		{34B2A567-0722-4E9D-A5A4-974C365DC686}.Debug|x64.Build.0 = Debug|x64
		{34B2A567-0722-4E9D-A5A4-974C365DC686}.Debug|x86.ActiveCfg = Debug|Win32
		{34B2A567-0722-4E9D-A5A4-974C365DC686}.Debug|x86.Build.0 = Debug|Win32
		{34B2A567-0722-4E9D-A5A4-974C365DC686}.Release|Any CPU.ActiveCfg = Release|Win32
		{34B2A567-0722-4E9D-A5A4-974C365DC686}.Release|x64.ActiveCfg = Release|x64
		{34B2A567-0722-4E9D-A5A4-974C365DC686}.Release|x64.Build.0 = Release|x64
		{34B2A567-0722-4E9D-A5A4-974C365DC686}.Release|x86.ActiveCfg = Release|Win32
		{34B2A567-0722-4E9D-A5A4-974C365DC686}.Release|x86.Build.0 = Release|Win32
		{7B846F83-D2E4-4643-8E13-7BF3BA6A9828}.Debug|Any CPU.ActiveCfg = Debug|Win32
		{7B846F83-D2E4-4643-8E13-7BF3BA6A9828}.Debug|x64.ActiveCfg = Debug|x64
		{7B846F83-D2E4-4643-8E13-7BF3BA6A9828}.Debug|x64.Build.0 = Debug|x64
		{7B846F83-D2E4-4643-8E13-7BF3BA6A9828}.Debug|x86.ActiveCfg = Debug|Win32
		{7B846F83-D2E4-4643-8E13-7BF3BA6A9828}.Debug|x86.Build.0 = Debug|Win32
		{7B846F83-D2E4-4643-8E13-7BF3BA6A9828}.Release|Any CPU.ActiveCfg = Release|Win32
		{7B846F83-D2E4-4643-8E13-7BF3BA6A9828}.Release|x64.ActiveCfg = Release|x64
		{7B846F83-D2E4-4643-8E13-7BF3BA6A9828}.Release|x64.Build.0 = Release|x64
		{7B846F83-D2E4-4643-8E13-7BF3BA6A9828}.Release|x86.ActiveCfg = Release|Win32
		{7B846F83-D2E4-4643-8E13-7BF3BA6A9828}.Release|x86.Build.0 = Release|Win32
		{61CEAE09-0E21-4EE6-8F8D-7035F2466BC6}.Debug|Any CPU.ActiveCfg = Debug|Win32
		{61CEAE09-0E21-4EE6-8F8D-7035F2466BC6}.Debug|x64.ActiveCfg = Debug|x64
		{61CEAE09-0E21-4EE6-8F8D-7035F2466BC6}.Debug|x64.Build.0 = Debug|x64
		{61CEAE09-0E21-4EE6-8F8D-7035F2466BC6}.Debug|x86.ActiveCfg = Debug|Win32
		{61CEAE09-0E21-4EE6-8F8D-7035F2466BC6}.Debug|x86.Build.0 = Debug|Win32
		{61CEAE09-0E21-4EE6-8F8D-7035F2466BC6}.Release|Any CPU.ActiveCfg = Release|Win32
		{61CEAE09-0E21-4EE6-8F8D-7035F2466BC6}.Release|x64.ActiveCfg = Release|x64
		{61CEAE09-0E21-4EE6-8F8D-7035F2466BC6}.Release|x64.Build.0 = Release|x64
		{61CEAE09-0E21-4EE6-8F8D-7035F2466BC6}.Release|x86.ActiveCfg = Release|Win32
		{61CEAE09-0E21-4EE6-8F8D-7035F2466BC6}.Release|x86.Build.0 = Release|Win32
		{09070B9E-1449-4AE9-89F3-CBB558E2086F}.Debug|Any CPU.ActiveCfg = Debug|Win32
		{09070B9E-1449-4AE9-89F3-CBB558E2086F}.Debug|x64.ActiveCfg = Debug|x64
		{09070B9E-1449-4AE9-89F3-CBB558E2086F}.Debug|x64.Build.0 = Debug|x64
		{09070B9E-1449-4AE9-89F3-CBB558E2086F}.Debug|x86.ActiveCfg = Debug|Win32
		{09070B9E-1449-4AE9-89F3-CBB558E2086F}.Debug|x86.Build.0 = Debug|Win32
		{09070B9E-1449-4AE9-89F3-CBB558E2086F}.Release|Any CPU.ActiveCfg = Release|Win32
		{09070B9E-1449-4AE9-89F3-CBB558E2086F}.Release|x64.ActiveCfg = Release|x64
		{09070B9E-1449-4AE9-89F3-CBB558E2086F}.Release|x64.Build.0 = Release|x64
		{09070B9E-1449-4AE9-89F3-CBB558E2086F}.Release|x86.ActiveCfg = Release|Win32
		{09070B9E-1449-4AE9-89F3-CBB558E2086F}.Release|x86.Build.0 = Release|Win32
		{064B0AB2-46BD-47FA-8109-FEEB4A2B9D0A}.Debug|Any CPU.ActiveCfg = Debug|Win32
		{064B0AB2-46BD-47FA-8109-FEEB4A2B9D0A}.Debug|x64.ActiveCfg = Debug|x64
		{064B0AB2-46BD-47FA-8109-FEEB4A2B9D0A}.Debug|x64.Build.0 = Debug|x64
		{064B0AB2-46BD-47FA-8109-FEEB4A2B9D0A}.Debug|x86.ActiveCfg = Debug|Win32
		{064B0AB2-46BD-47FA-8109-FEEB4A2B9D0A}.Debug|x86.Build.0 = Debug|Win32
		{064B0AB2-46BD-47FA-8109-FEEB4A2B9D0A}.Release|Any CPU.ActiveCfg = Release|Win32
		{064B0AB2-46BD-47FA-8109-FEEB4A2B9D0A}.Release|x64.ActiveCfg = Release|x64
		{064B0AB2-46BD-47FA-8109-FEEB4A2B9D0A}.Release|x64.Build.0 = Release|x64
		{064B0AB2-46BD-47FA-8109-FEEB4A2B9D0A}.Release|x86.ActiveCfg = Release|Win32
		{064B0AB2-46BD-47FA-8109-FEEB4A2B9D0A}.Release|x86.Build.0 = Release|Win32
		{5A60F4A4-34E6-4C14-92A2-12356B6F8802}.Debug|Any CPU.ActiveCfg = Debug|Win32
		{5A60F4A4-34E6-4C14-92A2-12356B6F8802}.Debug|x64.ActiveCfg = Debug|x64
		{5A60F4A4-34E6-4C14-92A2-12356B6F8802}.Debug|x64.Build.0 = Debug|x64
		{5A60F4A4-34E6-4C14-92A2-12356B6F8802}.Debug|x86.ActiveCfg = Debug|Win32
		{5A60F4A4-34E6-4C14-92A2-12356B6F8802}.Debug|x86.Build.0 = Debug|Win32
		{5A60F4A4-34E6-4C14-92A2-12356B6F8802}.Release|Any CPU.ActiveCfg = Release|Win32
		{5A60F4A4-34E6-4C14-92A2-12356B6F8802}.Release|x64.ActiveCfg = Release|x64
		{5A60F4A4-34E6-4C14-92A2-12356B6F8802}.Release|x64.Build.0 = Release|x64
		{5A60F4A4-34E6-4C14-92A2-12356B6F8802}.Release|x86.ActiveCfg = Release|Win32
		{5A60F4A4-34E6-4C14-92A2-12356B6F8802}.Release|x86.Build.0 = Release|Win32
		{ABD6F073-785B-44A7-A92E-24B9D614D704}.Debug|Any CPU.ActiveCfg = Debug|Win32
		{ABD6F073-785B-44A7-A92E-24B9D614D704}.Debug|x64.ActiveCfg = Debug|x64
		{ABD6F073-785B-44A7-A92E-24B9D614D704}.Debug|x64.Build.0 = Debug|x64
		{ABD6F073-785B-44A7-A92E-24B9D614D704}.Debug|x86.ActiveCfg = Debug|Win32
		{ABD6F073-785B-44A7-A92E-24B9D614D704}.Debug|x86.Build.0 = Debug|Win32
		{ABD6F073-785B-44A7-A92E-24B9D614D704}.Release|Any CPU.ActiveCfg = Release|Win32
		{ABD6F073-785B-44A7-A92E-24B9D614D704}.Release|x64.ActiveCfg = Release|x64
		{ABD6F073-785B-44A7-A92E-24B9D614D704}.Release|x64.Build.0 = Release|x64
		{ABD6F073-785B-44A7-A92E-24B9D614D704}.Release|x86.ActiveCfg = Release|Win32
		{ABD6F073-785B-44A7-A92E-24B9D614D704}.Release|x86.Build.0 = Release|Win32
		{BFBEB97E-5711-4B75-814C-E35363AF0FE2}.Debug|Any CPU.ActiveCfg = Debug|Win32
		{BFBEB97E-5711-4B75-814C-E35363AF0FE2}.Debug|x64.ActiveCfg = Debug|x64
		{BFBEB97E-5711-4B75-814C-E35363AF0FE2}.Debug|x64.Build.0 = Debug|x64
		{BFBEB97E-5711-4B75-814C-E35363AF0FE2}.Debug|x86.ActiveCfg = Debug|Win32
		{BFBEB97E-5711-4B75-814C-E35363AF0FE2}.Debug|x86.Build.0 = Debug|Win32
		{BFBEB97E-5711-4B75-814C-E35363AF0FE2}.Release|Any CPU.ActiveCfg = Release|Win32
		{BFBEB97E-5711-4B75-814C-E35363AF0FE2}.Release|x64.ActiveCfg = Release|x64
		{BFBEB97E-5711-4B75-814C-E35363AF0FE2}.Release|x64.Build.0 = Release|x64
		{BFBEB97E-5711-4B75-814C-E35363AF0FE2}.Release|x86.ActiveCfg = Release|Win32
		{BFBEB97E-5711-4B75-814C-E35363AF0FE2}.Release|x86.Build.0 = Release|Win32
		{83023FBD-1B47-4799-8E05-4E52A08DFE9B}.Debug|Any CPU.ActiveCfg = Debug|Win32
		{83023FBD-1B47-4799-8E05-4E52A08DFE9B}.Debug|x64.ActiveCfg = Debug|x64
		{83023FBD-1B47-4799-8E05-4E52A08DFE9B}.Debug|x64.Build.0 = Debug|x64
		{83023FBD-1B47-4799-8E05-4E52A08DFE9B}.Debug|x86.ActiveCfg = Debug|Win32
		{83023FBD-1B47-4799-8E05-4E52A08DFE9B}.Debug|x86.Build.0 = Debug|Win32
		{83023FBD-1B47-4799-8E05-4E52A08DFE9B}.Release|Any CPU.ActiveCfg = Release|Win32
		{83023FBD-1B47-4799-8E05-4E52A08DFE9B}.Release|x64.ActiveCfg = Release|x64
		{83023FBD-1B47-4799-8E05-4E52A08DFE9B}.Release|x64.Build.0 = Release|x64
		{83023FBD-1B47-4799-8E05-4E52A08DFE9B}.Release|x86.ActiveCfg = Release|Win32
		{83023FBD-1B47-4799-8E05-4E52A08DFE9B}.Release|x86.Build.0 = Release|Win32
		{1D9F9CD6-B5F3-4490-9B51-E57696F88701}.Debug|Any CPU.ActiveCfg = Debug|Win32
		{1D9F9CD6-B5F3-4490-9B51-E57696F88701}.Debug|x64.ActiveCfg = Debug|x64
		{1D9F9CD6-B5F3-4490-9B51-E57696F88701}.Debug|x64.Build.0 = Debug|x64
		{1D9F9CD6-B5F3-4490-9B51-E57696F88701}.Debug|x86.ActiveCfg = Debug|Win32
		{1D9F9CD6-B5F3-4490-9B51-E57696F88701}.Debug|x86.Build.0 = Debug|Win32
		{1D9F9CD6-B5F3-4490-9B51-E57696F88701}.Release|Any CPU.ActiveCfg = Release|Win32
		{1D9F9CD6-B5F3-4490-9B51-E57696F88701}.Release|x64.ActiveCfg = Release|x64
		{1D9F9CD6-B5F3-4490-9B51-E57696F88701}.Release|x64.Build.0 = Release|x64
		{1D9F9CD6-B5F3-4490-9B51-E57696F88701}.Release|x86.ActiveCfg = Release|Win32
		{1D9F9CD6-B5F3-4490-9B51-E57696F88701}.Release|x86.Build.0 = Release|Win32
		{3CD6E911-E077-498F-B90F-A36EDCE1F9AB}.Debug|Any CPU.ActiveCfg = Debug|Win32
		{3CD6E911-E077-498F-B90F-A36EDCE1F9AB}.Debug|x64.ActiveCfg = Debug|x64
		{3CD6E911-E077-498F-B90F-A36EDCE1F9AB}.Debug|x64.Build.0 = Debug|x64
		{3CD6E911-E077-498F-B90F-A36EDCE1F9AB}.Debug|x86.ActiveCfg = Debug|Win32
		{3CD6E911-E077-498F-B90F-A36EDCE1F9AB}.Debug|x86.Build.0 = Debug|Win32
		{3CD6E911-E077-498F-B90F-A36EDCE1F9AB}.Release|Any CPU.ActiveCfg = Release|Win32
		{3CD6E911-E077-498F-B90F-A36EDCE1F9AB}.Release|x64.ActiveCfg = Release|x64
		{3CD6E911-E077-498F-B90F-A36EDCE1F9AB}.Release|x64.Build.0 = Release|x64
		{3CD6E911-E077-498F-B90F-A36EDCE1F9AB}.Release|x86.ActiveCfg = Release|Win32
		{3CD6E911-E077-498F-B90F-A36EDCE1F9AB}.Release|x86.Build.0 = Release|Win32
		{AFECF911-48E8-463F-859A-236F36920177}.Debug|Any CPU.ActiveCfg = Debug|Win32
		{AFECF911-48E8-463F-859A-236F36920177}.Debug|x64.ActiveCfg = Debug|x64
		{AFECF911-48E8-463F-859A-236F36920177}.Debug|x64.Build.0 = Debug|x64
		{AFECF911-48E8-463F-859A-236F36920177}.Debug|x86.ActiveCfg = Debug|Win32
		{AFECF911-48E8-463F-859A-236F36920177}.Debug|x86.Build.0 = Debug|Win32
		{AFECF911-48E8-463F-859A-236F36920177}.Release|Any CPU.ActiveCfg = Release|Win32
		{AFECF911-48E8-463F-859A-236F36920177}.Release|x64.ActiveCfg = Release|x64
		{AFECF911-48E8-463F-859A-236F36920177}.Release|x64.Build.0 = Release|x64
		{AFECF911-48E8-463F-859A-236F36920177}.Release|x86.ActiveCfg = Release|Win32
		{AFECF911-48E8-463F-859A-236F36920177}.Release|x86.Build.0 = Release|Win32
		{1C29141F-8DA1-49A5-A939-7E16359795B8}.Debug|Any CPU.ActiveCfg = Debug|Win32
		{1C29141F-8DA1-49A5-A939-7E16359795B8}.Debug|x64.ActiveCfg = Debug|x64
		{1C29141F-8DA1-49A5-A939-7E16359795B8}.Debug|x64.Build.0 = Debug|x64
		{1C29141F-8DA1-49A5-A939-7E16359795B8}.Debug|x86.ActiveCfg = Debug|Win32
		{1C29141F-8DA1-49A5-A939-7E16359795B8}.Debug|x86.Build.0 = Debug|Win32
		{1C29141F-8DA1-49A5-A939-7E16359795B8}.Release|Any CPU.ActiveCfg = Release|Win32
		{1C29141F-8DA1-49A5-A939-7E16359795B8}.Release|x64.ActiveCfg = Release|x64
		{1C29141F-8DA1-49A5-A939-7E16359795B8}.Release|x64.Build.0 = Release|x64
		{1C29141F-8DA1-49A5-A939-7E16359795B8}.Release|x86.ActiveCfg = Release|Win32
		{1C29141F-8DA1-49A5-A939-7E16359795B8}.Release|x86.Build.0 = Release|Win32
		{DD28551F-C2D6-4E8B-BC28-796209B69B46}.Debug|Any CPU.ActiveCfg = Debug|Win32
		{DD28551F-C2D6-4E8B-BC28-796209B69B46}.Debug|x64.ActiveCfg = Debug|x64
		{DD28551F-C2D6-4E8B-BC28-796209B69B46}.Debug|x64.Build.0 = Debug|x64
		{DD28551F-C2D6-4E8B-BC28-796209B69B46}.Debug|x86.ActiveCfg = Debug|Win32
		{DD28551F-C2D6-4E8B-BC28-796209B69B46}.Debug|x86.Build.0 = Debug|Win32
		{DD28551F-C2D6-4E8B-BC28-796209B69B46}.Release|Any CPU.ActiveCfg = Release|Win32
		{DD28551F-C2D6-4E8B-BC28-796209B69B46}.Release|x64.ActiveCfg = Release|x64
		{DD28551F-C2D6-4E8B-BC28-796209B69B46}.Release|x64.Build.0 = Release|x64
		{DD28551F-C2D6-4E8B-BC28-796209B69B46}.Release|x86.ActiveCfg = Release|Win32
		{DD28551F-C2D6-4E8B-BC28-796209B69B46}.Release|x86.Build.0 = Release|Win32
		{31813C34-8605-4237-BFC7-DD7C48778910}.Debug|Any CPU.ActiveCfg = Debug|Win32
		{31813C34-8605-4237-BFC7-DD7C48778910}.Debug|x64.ActiveCfg = Debug|x64
		{31813C34-8605-4237-BFC7-DD7C48778910}.Debug|x64.Build.0 = Debug|x64
		{31813C34-8605-4237-BFC7-DD7C48778910}.Debug|x86.ActiveCfg = Debug|Win32
		{31813C34-8605-4237-BFC7-DD7C48778910}.Debug|x86.Build.0 = Debug|Win32
		{31813C34-8605-4237-BFC7-DD7C48778910}.Release|Any CPU.ActiveCfg = Release|Win32
		{31813C34-8605-4237-BFC7-DD7C48778910}.Release|x64.ActiveCfg = Release|x64
		{31813C34-8605-4237-BFC7-DD7C48778910}.Release|x64.Build.0 = Release|x64
		{31813C34-8605-4237-BFC7-DD7C48778910}.Release|x86.ActiveCfg = Release|Win32
		{31813C34-8605-4237-BFC7-DD7C48778910}.Release|x86.Build.0 = Release|Win32
	EndGlobalSection
	GlobalSection(SolutionProperties) = preSolution
		HideSolutionNode = FALSE
	EndGlobalSection
	GlobalSection(NestedProjects) = preSolution
		{CF35A0E2-2F35-4439-8C96-2E60BF526EAB} = {8574A965-E5F5-4BB8-BFAD-A83E1B90118F}
		{D512F3D8-CCC9-4498-8607-48C3AD041631} = {8574A965-E5F5-4BB8-BFAD-A83E1B90118F}
		{C7597F5F-9A6B-4DD4-BD8A-D568B1FACC98} = {8574A965-E5F5-4BB8-BFAD-A83E1B90118F}
		{9E6DEA1D-6820-4B8B-BE06-6B1F62229F77} = {8574A965-E5F5-4BB8-BFAD-A83E1B90118F}
		{2BADB3AA-5368-4101-B693-1BF8C4BBF7EC} = {8574A965-E5F5-4BB8-BFAD-A83E1B90118F}
		{32913584-5C16-463D-BD88-CFFF33F4BAA0} = {8574A965-E5F5-4BB8-BFAD-A83E1B90118F}
		{6F979541-B360-4DC7-97E1-5FD97FAD9A37} = {8574A965-E5F5-4BB8-BFAD-A83E1B90118F}
		{F65538C9-B931-48FD-B68B-59EC3C47648E} = {8574A965-E5F5-4BB8-BFAD-A83E1B90118F}
		{2B1F5D1B-932B-41CD-BCE3-8963E8BC3F19} = {8574A965-E5F5-4BB8-BFAD-A83E1B90118F}
		{01634129-24A0-4BA8-AD16-761AFB15E663} = {8574A965-E5F5-4BB8-BFAD-A83E1B90118F}
		{8754C565-4C15-4987-AD85-A0B2F43A078C} = {8574A965-E5F5-4BB8-BFAD-A83E1B90118F}
		{020493A5-B088-4F1E-8C06-4790EB968979} = {8574A965-E5F5-4BB8-BFAD-A83E1B90118F}
		{16A1C749-DB55-4C8D-9BF9-8F73CE380694} = {8574A965-E5F5-4BB8-BFAD-A83E1B90118F}
		{DE641BDE-AA4D-482B-BE79-AAF119FF3C6E} = {8574A965-E5F5-4BB8-BFAD-A83E1B90118F}
		{0D6BDB85-45C9-45F1-9CC4-E3D50BA17422} = {8574A965-E5F5-4BB8-BFAD-A83E1B90118F}
		{5B0CC2D4-AA0B-4F2A-AB78-77F51DCE3392} = {8574A965-E5F5-4BB8-BFAD-A83E1B90118F}
		{B379E27E-F554-40E0-86D2-EE5D54BAB469} = {8574A965-E5F5-4BB8-BFAD-A83E1B90118F}
		{6AB8D141-0123-4852-9F0E-93CD9AA98D56} = {8574A965-E5F5-4BB8-BFAD-A83E1B90118F}
		{29C3A598-807D-451A-B1F8-A97D12CC7E27} = {8574A965-E5F5-4BB8-BFAD-A83E1B90118F}
		{1630DEB3-ED73-4295-AF41-27A3D5DB379B} = {8574A965-E5F5-4BB8-BFAD-A83E1B90118F}
		{1E8DAD2C-90EC-458A-9860-583C53BDA7E7} = {52C2C454-9DC5-494A-9903-D256D6996862}
		{CB5B3D89-4646-489D-A15E-7F23D2023C23} = {52C2C454-9DC5-494A-9903-D256D6996862}
		{7A9A17C8-AFBD-4209-8BCB-F6DE0B096804} = {52C2C454-9DC5-494A-9903-D256D6996862}
		{2EA97B9E-7E24-495D-89E3-0E0631D55109} = {52C2C454-9DC5-494A-9903-D256D6996862}
		{815FA4E6-903B-4C4C-8B90-F5017C3B8565} = {8780147E-D41D-42EF-96DB-810ADA75D117}
		{9C2B9FA0-2788-46F9-825E-662C83A68F5F} = {8780147E-D41D-42EF-96DB-810ADA75D117}
		{C4837DE7-C6CA-452B-889E-1C502D952747} = {8780147E-D41D-42EF-96DB-810ADA75D117}
		{BCA84CC0-E871-4D91-980F-A1498B6CF670} = {52C2C454-9DC5-494A-9903-D256D6996862}
		{0C63AEF5-9680-435B-A8B4-8634FA48B4D8} = {52C2C454-9DC5-494A-9903-D256D6996862}
		{5B738CAC-3920-4A6F-AF4B-DFE3C04D91E8} = {52C2C454-9DC5-494A-9903-D256D6996862}
		{7AA83517-D0E7-4A6A-994A-4F8CBC21656B} = {52C2C454-9DC5-494A-9903-D256D6996862}
		{9393B644-6239-4B32-9640-4930958AC2E9} = {8780147E-D41D-42EF-96DB-810ADA75D117}
		{C30FA779-0DE3-4DB4-A667-03562F57D6FE} = {52C2C454-9DC5-494A-9903-D256D6996862}
		{5EDEE19B-DDB8-4C94-ABCC-E277E74BCC04} = {8780147E-D41D-42EF-96DB-810ADA75D117}
		{D99CE480-2355-4A28-A2A0-E5748667D912} = {8780147E-D41D-42EF-96DB-810ADA75D117}
		{E2203ADF-49F9-4F89-BE30-9C5E71B29955} = {8780147E-D41D-42EF-96DB-810ADA75D117}
		{727EA960-EE82-4B62-A112-702D9D41610E} = {8780147E-D41D-42EF-96DB-810ADA75D117}
		{6E142506-EE69-4864-8E49-F59A7F51A69D} = {52C2C454-9DC5-494A-9903-D256D6996862}
		{8A862DA7-6935-4B28-990E-C655D46D6A7D} = {8780147E-D41D-42EF-96DB-810ADA75D117}
		{ED07865F-FBDF-4128-91DE-84812A95C126} = {52C2C454-9DC5-494A-9903-D256D6996862}
		{37AF19FF-204F-4731-B28C-1E2F82465D35} = {8780147E-D41D-42EF-96DB-810ADA75D117}
		{B4EFF162-957F-495E-8143-FEB7C85F45A7} = {52C2C454-9DC5-494A-9903-D256D6996862}
		{DF076143-23A3-4B1D-8879-69DFBACC9413} = {8780147E-D41D-42EF-96DB-810ADA75D117}
		{7746DCFB-DF88-427E-87C7-DCC4D62D832F} = {52C2C454-9DC5-494A-9903-D256D6996862}
		{5B8BE01C-2A02-4A1F-9CBF-6FF9E00B6A8D} = {52C2C454-9DC5-494A-9903-D256D6996862}
		{52201B73-B75A-4175-A38E-A5D467B33D86} = {52C2C454-9DC5-494A-9903-D256D6996862}
		{7F2EF54A-2D88-45A8-A3C3-3FDFF2DA7869} = {8780147E-D41D-42EF-96DB-810ADA75D117}
		{B4ACAEEA-A615-4F45-8442-CC7D79FDB19B} = {8780147E-D41D-42EF-96DB-810ADA75D117}
		{9F386F98-6D76-4727-B53C-D872B7FBA962} = {8780147E-D41D-42EF-96DB-810ADA75D117}
		{8A5E7643-5FD0-4AA6-A67F-0B728B2D494F} = {8780147E-D41D-42EF-96DB-810ADA75D117}
		{FA6BE952-31EF-4C9E-AE47-CCCB045DEE33} = {52C2C454-9DC5-494A-9903-D256D6996862}
		{62AB5480-3600-4500-BC52-8EA3C80E6DE8} = {52C2C454-9DC5-494A-9903-D256D6996862}
		{C168D751-E310-4F37-A53A-3D1BCD7103F9} = {8780147E-D41D-42EF-96DB-810ADA75D117}
		{FC4B19BE-27D2-4A7E-A261-55ED62E498AC} = {36AB04EB-CC36-4825-8D1F-537D8919A08D}
		{7B846F83-D2E4-4643-8E13-7BF3BA6A9828} = {8780147E-D41D-42EF-96DB-810ADA75D117}
		{61CEAE09-0E21-4EE6-8F8D-7035F2466BC6} = {8780147E-D41D-42EF-96DB-810ADA75D117}
		{09070B9E-1449-4AE9-89F3-CBB558E2086F} = {36AB04EB-CC36-4825-8D1F-537D8919A08D}
		{064B0AB2-46BD-47FA-8109-FEEB4A2B9D0A} = {36AB04EB-CC36-4825-8D1F-537D8919A08D}
		{5A60F4A4-34E6-4C14-92A2-12356B6F8802} = {8780147E-D41D-42EF-96DB-810ADA75D117}
		{ABD6F073-785B-44A7-A92E-24B9D614D704} = {36AB04EB-CC36-4825-8D1F-537D8919A08D}
		{BFBEB97E-5711-4B75-814C-E35363AF0FE2} = {36AB04EB-CC36-4825-8D1F-537D8919A08D}
		{83023FBD-1B47-4799-8E05-4E52A08DFE9B} = {36AB04EB-CC36-4825-8D1F-537D8919A08D}
		{1D9F9CD6-B5F3-4490-9B51-E57696F88701} = {36AB04EB-CC36-4825-8D1F-537D8919A08D}
		{3CD6E911-E077-498F-B90F-A36EDCE1F9AB} = {36AB04EB-CC36-4825-8D1F-537D8919A08D}
		{AFECF911-48E8-463F-859A-236F36920177} = {8780147E-D41D-42EF-96DB-810ADA75D117}
		{1C29141F-8DA1-49A5-A939-7E16359795B8} = {52C2C454-9DC5-494A-9903-D256D6996862}
		{DD28551F-C2D6-4E8B-BC28-796209B69B46} = {36AB04EB-CC36-4825-8D1F-537D8919A08D}
	EndGlobalSection
	GlobalSection(ExtensibilityGlobals) = postSolution
		SolutionGuid = {13046786-3309-4AA4-9531-94CBCAF84C19}
	EndGlobalSection
EndGlobal
